// !$*UTF8*$!
{
	archiveVersion = 1;
	classes = {
	};
	objectVersion = 46;
	objects = {

/* Begin PBXBuildFile section */
		E0EB3EB619647CEA00BE6F5C /* InfoPlist.strings in Resources */ = {isa = PBXBuildFile; fileRef = E0EB3EB419647CEA00BE6F5C /* InfoPlist.strings */; };
		E0EB3EBC19647CEA00BE6F5C /* Credits.rtf in Resources */ = {isa = PBXBuildFile; fileRef = E0EB3EBA19647CEA00BE6F5C /* Credits.rtf */; };
		E0EB3EC419647CEA00BE6F5C /* Images.xcassets in Resources */ = {isa = PBXBuildFile; fileRef = E0EB3EC319647CEA00BE6F5C /* Images.xcassets */; };
		E0EB3ECB19647CEA00BE6F5C /* XCTest.framework in Frameworks */ = {isa = PBXBuildFile; fileRef = E0EB3ECA19647CEA00BE6F5C /* XCTest.framework */; };
		E0EB3ECC19647CEA00BE6F5C /* Cocoa.framework in Frameworks */ = {isa = PBXBuildFile; fileRef = E0EB3EAB19647CEA00BE6F5C /* Cocoa.framework */; };
		E0EB3EE319647D4D00BE6F5C /* SDL2_image.framework in Frameworks */ = {isa = PBXBuildFile; fileRef = E0EB3EDF19647D4D00BE6F5C /* SDL2_image.framework */; };
		E0EB3EE419647D4D00BE6F5C /* SDL2_mixer.framework in Frameworks */ = {isa = PBXBuildFile; fileRef = E0EB3EE019647D4D00BE6F5C /* SDL2_mixer.framework */; };
		E0EB3EE519647D4D00BE6F5C /* SDL2_ttf.framework in Frameworks */ = {isa = PBXBuildFile; fileRef = E0EB3EE119647D4D00BE6F5C /* SDL2_ttf.framework */; };
		E0EB3EE619647D4D00BE6F5C /* SDL2.framework in Frameworks */ = {isa = PBXBuildFile; fileRef = E0EB3EE219647D4D00BE6F5C /* SDL2.framework */; };
		E0EB3EE819647D8600BE6F5C /* libGLEW.1.10.0.dylib in Frameworks */ = {isa = PBXBuildFile; fileRef = E0EB3EE719647D8600BE6F5C /* libGLEW.1.10.0.dylib */; };
		E0EB3EF519647DA300BE6F5C /* libBulletCollision.2.82.dylib in Frameworks */ = {isa = PBXBuildFile; fileRef = E0EB3EE919647DA300BE6F5C /* libBulletCollision.2.82.dylib */; };
		E0EB3EF619647DA300BE6F5C /* libBulletCollision.dylib in Frameworks */ = {isa = PBXBuildFile; fileRef = E0EB3EEA19647DA300BE6F5C /* libBulletCollision.dylib */; };
		E0EB3EF719647DA300BE6F5C /* libBulletDynamics.2.82.dylib in Frameworks */ = {isa = PBXBuildFile; fileRef = E0EB3EEB19647DA300BE6F5C /* libBulletDynamics.2.82.dylib */; };
		E0EB3EF819647DA300BE6F5C /* libBulletDynamics.dylib in Frameworks */ = {isa = PBXBuildFile; fileRef = E0EB3EEC19647DA300BE6F5C /* libBulletDynamics.dylib */; };
		E0EB3EF919647DA300BE6F5C /* libBulletMultiThreaded.2.82.dylib in Frameworks */ = {isa = PBXBuildFile; fileRef = E0EB3EED19647DA300BE6F5C /* libBulletMultiThreaded.2.82.dylib */; };
		E0EB3EFA19647DA300BE6F5C /* libBulletMultiThreaded.dylib in Frameworks */ = {isa = PBXBuildFile; fileRef = E0EB3EEE19647DA300BE6F5C /* libBulletMultiThreaded.dylib */; };
		E0EB3EFB19647DA300BE6F5C /* libBulletSoftBody.2.82.dylib in Frameworks */ = {isa = PBXBuildFile; fileRef = E0EB3EEF19647DA300BE6F5C /* libBulletSoftBody.2.82.dylib */; };
		E0EB3EFC19647DA300BE6F5C /* libBulletSoftBody.dylib in Frameworks */ = {isa = PBXBuildFile; fileRef = E0EB3EF019647DA300BE6F5C /* libBulletSoftBody.dylib */; };
		E0EB3EFD19647DA300BE6F5C /* libLinearMath.2.82.dylib in Frameworks */ = {isa = PBXBuildFile; fileRef = E0EB3EF119647DA300BE6F5C /* libLinearMath.2.82.dylib */; };
		E0EB3EFE19647DA300BE6F5C /* libLinearMath.dylib in Frameworks */ = {isa = PBXBuildFile; fileRef = E0EB3EF219647DA300BE6F5C /* libLinearMath.dylib */; };
		E0EB3EFF19647DA300BE6F5C /* libMiniCL.2.82.dylib in Frameworks */ = {isa = PBXBuildFile; fileRef = E0EB3EF319647DA300BE6F5C /* libMiniCL.2.82.dylib */; };
		E0EB3F0019647DA300BE6F5C /* libMiniCL.dylib in Frameworks */ = {isa = PBXBuildFile; fileRef = E0EB3EF419647DA300BE6F5C /* libMiniCL.dylib */; };
		E0EB3F0219647F0E00BE6F5C /* libBulletCollision.2.82.dylib in CopyFiles */ = {isa = PBXBuildFile; fileRef = E0EB3EE919647DA300BE6F5C /* libBulletCollision.2.82.dylib */; };
		E0EB3F0319647F0E00BE6F5C /* libBulletCollision.dylib in CopyFiles */ = {isa = PBXBuildFile; fileRef = E0EB3EEA19647DA300BE6F5C /* libBulletCollision.dylib */; };
		E0EB3F0419647F0E00BE6F5C /* libBulletDynamics.2.82.dylib in CopyFiles */ = {isa = PBXBuildFile; fileRef = E0EB3EEB19647DA300BE6F5C /* libBulletDynamics.2.82.dylib */; };
		E0EB3F0519647F0E00BE6F5C /* libBulletDynamics.dylib in CopyFiles */ = {isa = PBXBuildFile; fileRef = E0EB3EEC19647DA300BE6F5C /* libBulletDynamics.dylib */; };
		E0EB3F0619647F0E00BE6F5C /* libBulletMultiThreaded.2.82.dylib in CopyFiles */ = {isa = PBXBuildFile; fileRef = E0EB3EED19647DA300BE6F5C /* libBulletMultiThreaded.2.82.dylib */; };
		E0EB3F0719647F0E00BE6F5C /* libBulletMultiThreaded.dylib in CopyFiles */ = {isa = PBXBuildFile; fileRef = E0EB3EEE19647DA300BE6F5C /* libBulletMultiThreaded.dylib */; };
		E0EB3F0819647F0E00BE6F5C /* libBulletSoftBody.2.82.dylib in CopyFiles */ = {isa = PBXBuildFile; fileRef = E0EB3EEF19647DA300BE6F5C /* libBulletSoftBody.2.82.dylib */; };
		E0EB3F0919647F0E00BE6F5C /* libBulletSoftBody.dylib in CopyFiles */ = {isa = PBXBuildFile; fileRef = E0EB3EF019647DA300BE6F5C /* libBulletSoftBody.dylib */; };
		E0EB3F0A19647F0E00BE6F5C /* libLinearMath.2.82.dylib in CopyFiles */ = {isa = PBXBuildFile; fileRef = E0EB3EF119647DA300BE6F5C /* libLinearMath.2.82.dylib */; };
		E0EB3F0B19647F0E00BE6F5C /* libLinearMath.dylib in CopyFiles */ = {isa = PBXBuildFile; fileRef = E0EB3EF219647DA300BE6F5C /* libLinearMath.dylib */; };
		E0EB3F0C19647F0E00BE6F5C /* libMiniCL.2.82.dylib in CopyFiles */ = {isa = PBXBuildFile; fileRef = E0EB3EF319647DA300BE6F5C /* libMiniCL.2.82.dylib */; };
		E0EB3F0D19647F0E00BE6F5C /* libMiniCL.dylib in CopyFiles */ = {isa = PBXBuildFile; fileRef = E0EB3EF419647DA300BE6F5C /* libMiniCL.dylib */; };
		E0EB3F0E19647F0E00BE6F5C /* libGLEW.1.10.0.dylib in CopyFiles */ = {isa = PBXBuildFile; fileRef = E0EB3EE719647D8600BE6F5C /* libGLEW.1.10.0.dylib */; };
		E0EB3F0F19647F0E00BE6F5C /* SDL2_image.framework in CopyFiles */ = {isa = PBXBuildFile; fileRef = E0EB3EDF19647D4D00BE6F5C /* SDL2_image.framework */; };
		E0EB3F1019647F0E00BE6F5C /* SDL2_mixer.framework in CopyFiles */ = {isa = PBXBuildFile; fileRef = E0EB3EE019647D4D00BE6F5C /* SDL2_mixer.framework */; };
		E0EB3F1119647F0E00BE6F5C /* SDL2_ttf.framework in CopyFiles */ = {isa = PBXBuildFile; fileRef = E0EB3EE119647D4D00BE6F5C /* SDL2_ttf.framework */; };
		E0EB3F1219647F0E00BE6F5C /* SDL2.framework in CopyFiles */ = {isa = PBXBuildFile; fileRef = E0EB3EE219647D4D00BE6F5C /* SDL2.framework */; };
		E0EB3F6019647F3F00BE6F5C /* ContentLoader.cpp in Sources */ = {isa = PBXBuildFile; fileRef = E0EB3F1519647F3F00BE6F5C /* ContentLoader.cpp */; };
		E0EB3F6119647F3F00BE6F5C /* Camera.cpp in Sources */ = {isa = PBXBuildFile; fileRef = E0EB3F1819647F3F00BE6F5C /* Camera.cpp */; };
		E0EB3F6219647F3F00BE6F5C /* CharacterController.cpp in Sources */ = {isa = PBXBuildFile; fileRef = E0EB3F1A19647F3F00BE6F5C /* CharacterController.cpp */; };
		E0EB3F6319647F3F00BE6F5C /* FramesPerSecond.cpp in Sources */ = {isa = PBXBuildFile; fileRef = E0EB3F1C19647F3F00BE6F5C /* FramesPerSecond.cpp */; };
		E0EB3F6419647F3F00BE6F5C /* Material.cpp in Sources */ = {isa = PBXBuildFile; fileRef = E0EB3F1E19647F3F00BE6F5C /* Material.cpp */; };
		E0EB3F6519647F3F00BE6F5C /* Mesh.cpp in Sources */ = {isa = PBXBuildFile; fileRef = E0EB3F2019647F3F00BE6F5C /* Mesh.cpp */; };
		E0EB3F6619647F3F00BE6F5C /* MeshRenderer.cpp in Sources */ = {isa = PBXBuildFile; fileRef = E0EB3F2219647F3F00BE6F5C /* MeshRenderer.cpp */; };
		E0EB3F6719647F3F00BE6F5C /* Renderer.cpp in Sources */ = {isa = PBXBuildFile; fileRef = E0EB3F2419647F3F00BE6F5C /* Renderer.cpp */; };
		E0EB3F6819647F3F00BE6F5C /* RenderManager.cpp in Sources */ = {isa = PBXBuildFile; fileRef = E0EB3F2619647F3F00BE6F5C /* RenderManager.cpp */; };
		E0EB3F6919647F3F00BE6F5C /* RigidBody.cpp in Sources */ = {isa = PBXBuildFile; fileRef = E0EB3F2819647F3F00BE6F5C /* RigidBody.cpp */; };
		E0EB3F6A19647F3F00BE6F5C /* SkyBoxRenderer.cpp in Sources */ = {isa = PBXBuildFile; fileRef = E0EB3F2A19647F3F00BE6F5C /* SkyBoxRenderer.cpp */; };
		E0EB3F6B19647F3F00BE6F5C /* TextRenderer.cpp in Sources */ = {isa = PBXBuildFile; fileRef = E0EB3F2C19647F3F00BE6F5C /* TextRenderer.cpp */; };
		E0EB3F6C19647F3F00BE6F5C /* Transform.cpp in Sources */ = {isa = PBXBuildFile; fileRef = E0EB3F2E19647F3F00BE6F5C /* Transform.cpp */; };
		E0EB3F6D19647F3F00BE6F5C /* conf.cpp in Sources */ = {isa = PBXBuildFile; fileRef = E0EB3F3019647F3F00BE6F5C /* conf.cpp */; };
		E0EB3F6E19647F3F00BE6F5C /* EventHandler.cpp in Sources */ = {isa = PBXBuildFile; fileRef = E0EB3F3319647F3F00BE6F5C /* EventHandler.cpp */; };
		E0EB3F6F19647F3F00BE6F5C /* InputHandler.cpp in Sources */ = {isa = PBXBuildFile; fileRef = E0EB3F3519647F3F00BE6F5C /* InputHandler.cpp */; };
		E0EB3F7019647F3F00BE6F5C /* Player.cpp in Sources */ = {isa = PBXBuildFile; fileRef = E0EB3F3719647F3F00BE6F5C /* Player.cpp */; };
		E0EB3F7119647F3F00BE6F5C /* EventInput.cpp in Sources */ = {isa = PBXBuildFile; fileRef = E0EB3F3D19647F3F00BE6F5C /* EventInput.cpp */; };
		E0EB3F7219647F3F00BE6F5C /* EventSystemMessages.cpp in Sources */ = {isa = PBXBuildFile; fileRef = E0EB3F3F19647F3F00BE6F5C /* EventSystemMessages.cpp */; };
		E0EB3F7319647F3F00BE6F5C /* EventSystem.cpp in Sources */ = {isa = PBXBuildFile; fileRef = E0EB3F4219647F3F00BE6F5C /* EventSystem.cpp */; };
		E0EB3F7419647F3F00BE6F5C /* EntityFactory.cpp in Sources */ = {isa = PBXBuildFile; fileRef = E0EB3F4519647F3F00BE6F5C /* EntityFactory.cpp */; };
		E0EB3F7519647F3F00BE6F5C /* MeshFactory.cpp in Sources */ = {isa = PBXBuildFile; fileRef = E0EB3F4719647F3F00BE6F5C /* MeshFactory.cpp */; };
		E0EB3F7619647F3F00BE6F5C /* drawfont.cpp in Sources */ = {isa = PBXBuildFile; fileRef = E0EB3F4A19647F3F00BE6F5C /* drawfont.cpp */; };
		E0EB3F7719647F3F00BE6F5C /* GLstuff.cpp in Sources */ = {isa = PBXBuildFile; fileRef = E0EB3F4C19647F3F00BE6F5C /* GLstuff.cpp */; };
		E0EB3F7819647F3F00BE6F5C /* SDLgraph.cpp in Sources */ = {isa = PBXBuildFile; fileRef = E0EB3F4E19647F3F00BE6F5C /* SDLgraph.cpp */; };
		E0EB3F7919647F3F00BE6F5C /* shader.cpp in Sources */ = {isa = PBXBuildFile; fileRef = E0EB3F5019647F3F00BE6F5C /* shader.cpp */; };
		E0EB3F7A19647F3F00BE6F5C /* main.cpp in Sources */ = {isa = PBXBuildFile; fileRef = E0EB3F5219647F3F00BE6F5C /* main.cpp */; };
		E0EB3F7B19647F3F00BE6F5C /* PhysicsManager.cpp in Sources */ = {isa = PBXBuildFile; fileRef = E0EB3F5519647F3F00BE6F5C /* PhysicsManager.cpp */; };
		E0EB3F7C19647F3F00BE6F5C /* INIparser.cpp in Sources */ = {isa = PBXBuildFile; fileRef = E0EB3F5819647F3F00BE6F5C /* INIparser.cpp */; };
		E0EB3F7D19647F3F00BE6F5C /* ObjectCreator.cpp in Sources */ = {isa = PBXBuildFile; fileRef = E0EB3F5A19647F3F00BE6F5C /* ObjectCreator.cpp */; };
		E0EB3F7E19647F3F00BE6F5C /* OBJparser.cpp in Sources */ = {isa = PBXBuildFile; fileRef = E0EB3F5C19647F3F00BE6F5C /* OBJparser.cpp */; };
		E0EB3F7F19647F3F00BE6F5C /* tools.cpp in Sources */ = {isa = PBXBuildFile; fileRef = E0EB3F5E19647F3F00BE6F5C /* tools.cpp */; };
		E0EB3F81196480C900BE6F5C /* OpenGL.framework in Frameworks */ = {isa = PBXBuildFile; fileRef = E0EB3F80196480C900BE6F5C /* OpenGL.framework */; };
		E0EB3F8E196482E300BE6F5C /* Cocoa.framework in Frameworks */ = {isa = PBXBuildFile; fileRef = E0EB3EAB19647CEA00BE6F5C /* Cocoa.framework */; };
/* End PBXBuildFile section */

/* Begin PBXContainerItemProxy section */
		E0EB3ECD19647CEA00BE6F5C /* PBXContainerItemProxy */ = {
			isa = PBXContainerItemProxy;
			containerPortal = E0EB3EA019647CEA00BE6F5C /* Project object */;
			proxyType = 1;
			remoteGlobalIDString = E0EB3EA719647CEA00BE6F5C;
			remoteInfo = macbuild;
		};
/* End PBXContainerItemProxy section */

/* Begin PBXCopyFilesBuildPhase section */
		E0EB3F0119647EFF00BE6F5C /* CopyFiles */ = {
			isa = PBXCopyFilesBuildPhase;
			buildActionMask = 2147483647;
			dstPath = "";
			dstSubfolderSpec = 10;
			files = (
				E0EB3F0219647F0E00BE6F5C /* libBulletCollision.2.82.dylib in CopyFiles */,
				E0EB3F0319647F0E00BE6F5C /* libBulletCollision.dylib in CopyFiles */,
				E0EB3F0419647F0E00BE6F5C /* libBulletDynamics.2.82.dylib in CopyFiles */,
				E0EB3F0519647F0E00BE6F5C /* libBulletDynamics.dylib in CopyFiles */,
				E0EB3F0619647F0E00BE6F5C /* libBulletMultiThreaded.2.82.dylib in CopyFiles */,
				E0EB3F0719647F0E00BE6F5C /* libBulletMultiThreaded.dylib in CopyFiles */,
				E0EB3F0819647F0E00BE6F5C /* libBulletSoftBody.2.82.dylib in CopyFiles */,
				E0EB3F0919647F0E00BE6F5C /* libBulletSoftBody.dylib in CopyFiles */,
				E0EB3F0A19647F0E00BE6F5C /* libLinearMath.2.82.dylib in CopyFiles */,
				E0EB3F0B19647F0E00BE6F5C /* libLinearMath.dylib in CopyFiles */,
				E0EB3F0C19647F0E00BE6F5C /* libMiniCL.2.82.dylib in CopyFiles */,
				E0EB3F0D19647F0E00BE6F5C /* libMiniCL.dylib in CopyFiles */,
				E0EB3F0E19647F0E00BE6F5C /* libGLEW.1.10.0.dylib in CopyFiles */,
				E0EB3F0F19647F0E00BE6F5C /* SDL2_image.framework in CopyFiles */,
				E0EB3F1019647F0E00BE6F5C /* SDL2_mixer.framework in CopyFiles */,
				E0EB3F1119647F0E00BE6F5C /* SDL2_ttf.framework in CopyFiles */,
				E0EB3F1219647F0E00BE6F5C /* SDL2.framework in CopyFiles */,
			);
			runOnlyForDeploymentPostprocessing = 0;
		};
/* End PBXCopyFilesBuildPhase section */

/* Begin PBXFileReference section */
		E0EB3EA819647CEA00BE6F5C /* macbuild.app */ = {isa = PBXFileReference; explicitFileType = wrapper.application; includeInIndex = 0; path = macbuild.app; sourceTree = BUILT_PRODUCTS_DIR; };
		E0EB3EAB19647CEA00BE6F5C /* Cocoa.framework */ = {isa = PBXFileReference; lastKnownFileType = wrapper.framework; name = Cocoa.framework; path = System/Library/Frameworks/Cocoa.framework; sourceTree = SDKROOT; };
		E0EB3EAE19647CEA00BE6F5C /* AppKit.framework */ = {isa = PBXFileReference; lastKnownFileType = wrapper.framework; name = AppKit.framework; path = System/Library/Frameworks/AppKit.framework; sourceTree = SDKROOT; };
		E0EB3EAF19647CEA00BE6F5C /* CoreData.framework */ = {isa = PBXFileReference; lastKnownFileType = wrapper.framework; name = CoreData.framework; path = System/Library/Frameworks/CoreData.framework; sourceTree = SDKROOT; };
		E0EB3EB019647CEA00BE6F5C /* Foundation.framework */ = {isa = PBXFileReference; lastKnownFileType = wrapper.framework; name = Foundation.framework; path = System/Library/Frameworks/Foundation.framework; sourceTree = SDKROOT; };
		E0EB3EB319647CEA00BE6F5C /* macbuild-Info.plist */ = {isa = PBXFileReference; lastKnownFileType = text.plist.xml; path = "macbuild-Info.plist"; sourceTree = "<group>"; };
		E0EB3EB519647CEA00BE6F5C /* en */ = {isa = PBXFileReference; lastKnownFileType = text.plist.strings; name = en; path = en.lproj/InfoPlist.strings; sourceTree = "<group>"; };
		E0EB3EB919647CEA00BE6F5C /* macbuild-Prefix.pch */ = {isa = PBXFileReference; lastKnownFileType = sourcecode.c.h; path = "macbuild-Prefix.pch"; sourceTree = "<group>"; };
		E0EB3EBB19647CEA00BE6F5C /* en */ = {isa = PBXFileReference; lastKnownFileType = text.rtf; name = en; path = en.lproj/Credits.rtf; sourceTree = "<group>"; };
		E0EB3EC319647CEA00BE6F5C /* Images.xcassets */ = {isa = PBXFileReference; lastKnownFileType = folder.assetcatalog; path = Images.xcassets; sourceTree = "<group>"; };
		E0EB3EC919647CEA00BE6F5C /* macbuildTests.xctest */ = {isa = PBXFileReference; explicitFileType = wrapper.cfbundle; includeInIndex = 0; path = macbuildTests.xctest; sourceTree = BUILT_PRODUCTS_DIR; };
		E0EB3ECA19647CEA00BE6F5C /* XCTest.framework */ = {isa = PBXFileReference; lastKnownFileType = wrapper.framework; name = XCTest.framework; path = Library/Frameworks/XCTest.framework; sourceTree = DEVELOPER_DIR; };
		E0EB3EDF19647D4D00BE6F5C /* SDL2_image.framework */ = {isa = PBXFileReference; lastKnownFileType = wrapper.framework; name = SDL2_image.framework; path = ../Frameworks/SDL2/maclib/SDL2_image.framework; sourceTree = "<group>"; };
		E0EB3EE019647D4D00BE6F5C /* SDL2_mixer.framework */ = {isa = PBXFileReference; lastKnownFileType = wrapper.framework; name = SDL2_mixer.framework; path = ../Frameworks/SDL2/maclib/SDL2_mixer.framework; sourceTree = "<group>"; };
		E0EB3EE119647D4D00BE6F5C /* SDL2_ttf.framework */ = {isa = PBXFileReference; lastKnownFileType = wrapper.framework; name = SDL2_ttf.framework; path = ../Frameworks/SDL2/maclib/SDL2_ttf.framework; sourceTree = "<group>"; };
		E0EB3EE219647D4D00BE6F5C /* SDL2.framework */ = {isa = PBXFileReference; lastKnownFileType = wrapper.framework; name = SDL2.framework; path = ../Frameworks/SDL2/maclib/SDL2.framework; sourceTree = "<group>"; };
		E0EB3EE719647D8600BE6F5C /* libGLEW.1.10.0.dylib */ = {isa = PBXFileReference; lastKnownFileType = "compiled.mach-o.dylib"; name = libGLEW.1.10.0.dylib; path = ../Frameworks/GLew/maclib/libGLEW.1.10.0.dylib; sourceTree = "<group>"; };
		E0EB3EE919647DA300BE6F5C /* libBulletCollision.2.82.dylib */ = {isa = PBXFileReference; lastKnownFileType = "compiled.mach-o.dylib"; name = libBulletCollision.2.82.dylib; path = ../Frameworks/Bullet/maclib/libBulletCollision.2.82.dylib; sourceTree = "<group>"; };
		E0EB3EEA19647DA300BE6F5C /* libBulletCollision.dylib */ = {isa = PBXFileReference; lastKnownFileType = "compiled.mach-o.dylib"; name = libBulletCollision.dylib; path = ../Frameworks/Bullet/maclib/libBulletCollision.dylib; sourceTree = "<group>"; };
		E0EB3EEB19647DA300BE6F5C /* libBulletDynamics.2.82.dylib */ = {isa = PBXFileReference; lastKnownFileType = "compiled.mach-o.dylib"; name = libBulletDynamics.2.82.dylib; path = ../Frameworks/Bullet/maclib/libBulletDynamics.2.82.dylib; sourceTree = "<group>"; };
		E0EB3EEC19647DA300BE6F5C /* libBulletDynamics.dylib */ = {isa = PBXFileReference; lastKnownFileType = "compiled.mach-o.dylib"; name = libBulletDynamics.dylib; path = ../Frameworks/Bullet/maclib/libBulletDynamics.dylib; sourceTree = "<group>"; };
		E0EB3EED19647DA300BE6F5C /* libBulletMultiThreaded.2.82.dylib */ = {isa = PBXFileReference; lastKnownFileType = "compiled.mach-o.dylib"; name = libBulletMultiThreaded.2.82.dylib; path = ../Frameworks/Bullet/maclib/libBulletMultiThreaded.2.82.dylib; sourceTree = "<group>"; };
		E0EB3EEE19647DA300BE6F5C /* libBulletMultiThreaded.dylib */ = {isa = PBXFileReference; lastKnownFileType = "compiled.mach-o.dylib"; name = libBulletMultiThreaded.dylib; path = ../Frameworks/Bullet/maclib/libBulletMultiThreaded.dylib; sourceTree = "<group>"; };
		E0EB3EEF19647DA300BE6F5C /* libBulletSoftBody.2.82.dylib */ = {isa = PBXFileReference; lastKnownFileType = "compiled.mach-o.dylib"; name = libBulletSoftBody.2.82.dylib; path = ../Frameworks/Bullet/maclib/libBulletSoftBody.2.82.dylib; sourceTree = "<group>"; };
		E0EB3EF019647DA300BE6F5C /* libBulletSoftBody.dylib */ = {isa = PBXFileReference; lastKnownFileType = "compiled.mach-o.dylib"; name = libBulletSoftBody.dylib; path = ../Frameworks/Bullet/maclib/libBulletSoftBody.dylib; sourceTree = "<group>"; };
		E0EB3EF119647DA300BE6F5C /* libLinearMath.2.82.dylib */ = {isa = PBXFileReference; lastKnownFileType = "compiled.mach-o.dylib"; name = libLinearMath.2.82.dylib; path = ../Frameworks/Bullet/maclib/libLinearMath.2.82.dylib; sourceTree = "<group>"; };
		E0EB3EF219647DA300BE6F5C /* libLinearMath.dylib */ = {isa = PBXFileReference; lastKnownFileType = "compiled.mach-o.dylib"; name = libLinearMath.dylib; path = ../Frameworks/Bullet/maclib/libLinearMath.dylib; sourceTree = "<group>"; };
		E0EB3EF319647DA300BE6F5C /* libMiniCL.2.82.dylib */ = {isa = PBXFileReference; lastKnownFileType = "compiled.mach-o.dylib"; name = libMiniCL.2.82.dylib; path = ../Frameworks/Bullet/maclib/libMiniCL.2.82.dylib; sourceTree = "<group>"; };
		E0EB3EF419647DA300BE6F5C /* libMiniCL.dylib */ = {isa = PBXFileReference; lastKnownFileType = "compiled.mach-o.dylib"; name = libMiniCL.dylib; path = ../Frameworks/Bullet/maclib/libMiniCL.dylib; sourceTree = "<group>"; };
		E0EB3F1519647F3F00BE6F5C /* ContentLoader.cpp */ = {isa = PBXFileReference; fileEncoding = 4; lastKnownFileType = sourcecode.cpp.cpp; path = ContentLoader.cpp; sourceTree = "<group>"; };
		E0EB3F1619647F3F00BE6F5C /* ContentLoader.h */ = {isa = PBXFileReference; fileEncoding = 4; lastKnownFileType = sourcecode.c.h; path = ContentLoader.h; sourceTree = "<group>"; };
		E0EB3F1819647F3F00BE6F5C /* Camera.cpp */ = {isa = PBXFileReference; fileEncoding = 4; lastKnownFileType = sourcecode.cpp.cpp; path = Camera.cpp; sourceTree = "<group>"; };
		E0EB3F1919647F3F00BE6F5C /* Camera.h */ = {isa = PBXFileReference; fileEncoding = 4; lastKnownFileType = sourcecode.c.h; path = Camera.h; sourceTree = "<group>"; };
		E0EB3F1A19647F3F00BE6F5C /* CharacterController.cpp */ = {isa = PBXFileReference; fileEncoding = 4; lastKnownFileType = sourcecode.cpp.cpp; path = CharacterController.cpp; sourceTree = "<group>"; };
		E0EB3F1B19647F3F00BE6F5C /* CharacterController.h */ = {isa = PBXFileReference; fileEncoding = 4; lastKnownFileType = sourcecode.c.h; path = CharacterController.h; sourceTree = "<group>"; };
		E0EB3F1C19647F3F00BE6F5C /* FramesPerSecond.cpp */ = {isa = PBXFileReference; fileEncoding = 4; lastKnownFileType = sourcecode.cpp.cpp; path = FramesPerSecond.cpp; sourceTree = "<group>"; };
		E0EB3F1D19647F3F00BE6F5C /* FramesPerSecond.h */ = {isa = PBXFileReference; fileEncoding = 4; lastKnownFileType = sourcecode.c.h; path = FramesPerSecond.h; sourceTree = "<group>"; };
		E0EB3F1E19647F3F00BE6F5C /* Material.cpp */ = {isa = PBXFileReference; fileEncoding = 4; lastKnownFileType = sourcecode.cpp.cpp; path = Material.cpp; sourceTree = "<group>"; };
		E0EB3F1F19647F3F00BE6F5C /* Material.h */ = {isa = PBXFileReference; fileEncoding = 4; lastKnownFileType = sourcecode.c.h; path = Material.h; sourceTree = "<group>"; };
		E0EB3F2019647F3F00BE6F5C /* Mesh.cpp */ = {isa = PBXFileReference; fileEncoding = 4; lastKnownFileType = sourcecode.cpp.cpp; path = Mesh.cpp; sourceTree = "<group>"; };
		E0EB3F2119647F3F00BE6F5C /* Mesh.h */ = {isa = PBXFileReference; fileEncoding = 4; lastKnownFileType = sourcecode.c.h; path = Mesh.h; sourceTree = "<group>"; };
		E0EB3F2219647F3F00BE6F5C /* MeshRenderer.cpp */ = {isa = PBXFileReference; fileEncoding = 4; lastKnownFileType = sourcecode.cpp.cpp; path = MeshRenderer.cpp; sourceTree = "<group>"; };
		E0EB3F2319647F3F00BE6F5C /* MeshRenderer.h */ = {isa = PBXFileReference; fileEncoding = 4; lastKnownFileType = sourcecode.c.h; path = MeshRenderer.h; sourceTree = "<group>"; };
		E0EB3F2419647F3F00BE6F5C /* Renderer.cpp */ = {isa = PBXFileReference; fileEncoding = 4; lastKnownFileType = sourcecode.cpp.cpp; path = Renderer.cpp; sourceTree = "<group>"; };
		E0EB3F2519647F3F00BE6F5C /* Renderer.h */ = {isa = PBXFileReference; fileEncoding = 4; lastKnownFileType = sourcecode.c.h; path = Renderer.h; sourceTree = "<group>"; };
		E0EB3F2619647F3F00BE6F5C /* RenderManager.cpp */ = {isa = PBXFileReference; fileEncoding = 4; lastKnownFileType = sourcecode.cpp.cpp; path = RenderManager.cpp; sourceTree = "<group>"; };
		E0EB3F2719647F3F00BE6F5C /* RenderManager.h */ = {isa = PBXFileReference; fileEncoding = 4; lastKnownFileType = sourcecode.c.h; path = RenderManager.h; sourceTree = "<group>"; };
		E0EB3F2819647F3F00BE6F5C /* RigidBody.cpp */ = {isa = PBXFileReference; fileEncoding = 4; lastKnownFileType = sourcecode.cpp.cpp; path = RigidBody.cpp; sourceTree = "<group>"; };
		E0EB3F2919647F3F00BE6F5C /* RigidBody.h */ = {isa = PBXFileReference; fileEncoding = 4; lastKnownFileType = sourcecode.c.h; path = RigidBody.h; sourceTree = "<group>"; };
		E0EB3F2A19647F3F00BE6F5C /* SkyBoxRenderer.cpp */ = {isa = PBXFileReference; fileEncoding = 4; lastKnownFileType = sourcecode.cpp.cpp; path = SkyBoxRenderer.cpp; sourceTree = "<group>"; };
		E0EB3F2B19647F3F00BE6F5C /* SkyBoxRenderer.h */ = {isa = PBXFileReference; fileEncoding = 4; lastKnownFileType = sourcecode.c.h; path = SkyBoxRenderer.h; sourceTree = "<group>"; };
		E0EB3F2C19647F3F00BE6F5C /* TextRenderer.cpp */ = {isa = PBXFileReference; fileEncoding = 4; lastKnownFileType = sourcecode.cpp.cpp; path = TextRenderer.cpp; sourceTree = "<group>"; };
		E0EB3F2D19647F3F00BE6F5C /* TextRenderer.h */ = {isa = PBXFileReference; fileEncoding = 4; lastKnownFileType = sourcecode.c.h; path = TextRenderer.h; sourceTree = "<group>"; };
		E0EB3F2E19647F3F00BE6F5C /* Transform.cpp */ = {isa = PBXFileReference; fileEncoding = 4; lastKnownFileType = sourcecode.cpp.cpp; path = Transform.cpp; sourceTree = "<group>"; };
		E0EB3F2F19647F3F00BE6F5C /* Transform.h */ = {isa = PBXFileReference; fileEncoding = 4; lastKnownFileType = sourcecode.c.h; path = Transform.h; sourceTree = "<group>"; };
		E0EB3F3019647F3F00BE6F5C /* conf.cpp */ = {isa = PBXFileReference; fileEncoding = 4; lastKnownFileType = sourcecode.cpp.cpp; name = conf.cpp; path = ../src/conf.cpp; sourceTree = "<group>"; };
		E0EB3F3119647F3F00BE6F5C /* conf.h */ = {isa = PBXFileReference; fileEncoding = 4; lastKnownFileType = sourcecode.c.h; name = conf.h; path = ../src/conf.h; sourceTree = "<group>"; };
		E0EB3F3319647F3F00BE6F5C /* EventHandler.cpp */ = {isa = PBXFileReference; fileEncoding = 4; lastKnownFileType = sourcecode.cpp.cpp; path = EventHandler.cpp; sourceTree = "<group>"; };
		E0EB3F3419647F3F00BE6F5C /* EventHandler.h */ = {isa = PBXFileReference; fileEncoding = 4; lastKnownFileType = sourcecode.c.h; path = EventHandler.h; sourceTree = "<group>"; };
		E0EB3F3519647F3F00BE6F5C /* InputHandler.cpp */ = {isa = PBXFileReference; fileEncoding = 4; lastKnownFileType = sourcecode.cpp.cpp; path = InputHandler.cpp; sourceTree = "<group>"; };
		E0EB3F3619647F3F00BE6F5C /* InputHandler.h */ = {isa = PBXFileReference; fileEncoding = 4; lastKnownFileType = sourcecode.c.h; path = InputHandler.h; sourceTree = "<group>"; };
		E0EB3F3719647F3F00BE6F5C /* Player.cpp */ = {isa = PBXFileReference; fileEncoding = 4; lastKnownFileType = sourcecode.cpp.cpp; path = Player.cpp; sourceTree = "<group>"; };
		E0EB3F3819647F3F00BE6F5C /* Player.h */ = {isa = PBXFileReference; fileEncoding = 4; lastKnownFileType = sourcecode.c.h; path = Player.h; sourceTree = "<group>"; };
		E0EB3F3A19647F3F00BE6F5C /* Component.h */ = {isa = PBXFileReference; fileEncoding = 4; lastKnownFileType = sourcecode.c.h; path = Component.h; sourceTree = "<group>"; };
		E0EB3F3B19647F3F00BE6F5C /* Entity.h */ = {isa = PBXFileReference; fileEncoding = 4; lastKnownFileType = sourcecode.c.h; path = Entity.h; sourceTree = "<group>"; };
		E0EB3F3D19647F3F00BE6F5C /* EventInput.cpp */ = {isa = PBXFileReference; fileEncoding = 4; lastKnownFileType = sourcecode.cpp.cpp; path = EventInput.cpp; sourceTree = "<group>"; };
		E0EB3F3E19647F3F00BE6F5C /* EventInput.h */ = {isa = PBXFileReference; fileEncoding = 4; lastKnownFileType = sourcecode.c.h; path = EventInput.h; sourceTree = "<group>"; };
		E0EB3F3F19647F3F00BE6F5C /* EventSystemMessages.cpp */ = {isa = PBXFileReference; fileEncoding = 4; lastKnownFileType = sourcecode.cpp.cpp; path = EventSystemMessages.cpp; sourceTree = "<group>"; };
		E0EB3F4019647F3F00BE6F5C /* EventSystemMessages.h */ = {isa = PBXFileReference; fileEncoding = 4; lastKnownFileType = sourcecode.c.h; path = EventSystemMessages.h; sourceTree = "<group>"; };
		E0EB3F4219647F3F00BE6F5C /* EventSystem.cpp */ = {isa = PBXFileReference; fileEncoding = 4; lastKnownFileType = sourcecode.cpp.cpp; path = EventSystem.cpp; sourceTree = "<group>"; };
		E0EB3F4319647F3F00BE6F5C /* EventSystem.h */ = {isa = PBXFileReference; fileEncoding = 4; lastKnownFileType = sourcecode.c.h; path = EventSystem.h; sourceTree = "<group>"; };
		E0EB3F4519647F3F00BE6F5C /* EntityFactory.cpp */ = {isa = PBXFileReference; fileEncoding = 4; lastKnownFileType = sourcecode.cpp.cpp; path = EntityFactory.cpp; sourceTree = "<group>"; };
		E0EB3F4619647F3F00BE6F5C /* EntityFactory.h */ = {isa = PBXFileReference; fileEncoding = 4; lastKnownFileType = sourcecode.c.h; path = EntityFactory.h; sourceTree = "<group>"; };
		E0EB3F4719647F3F00BE6F5C /* MeshFactory.cpp */ = {isa = PBXFileReference; fileEncoding = 4; lastKnownFileType = sourcecode.cpp.cpp; path = MeshFactory.cpp; sourceTree = "<group>"; };
		E0EB3F4819647F3F00BE6F5C /* MeshFactory.h */ = {isa = PBXFileReference; fileEncoding = 4; lastKnownFileType = sourcecode.c.h; path = MeshFactory.h; sourceTree = "<group>"; };
		E0EB3F4A19647F3F00BE6F5C /* drawfont.cpp */ = {isa = PBXFileReference; fileEncoding = 4; lastKnownFileType = sourcecode.cpp.cpp; path = drawfont.cpp; sourceTree = "<group>"; };
		E0EB3F4B19647F3F00BE6F5C /* drawfont.h */ = {isa = PBXFileReference; fileEncoding = 4; lastKnownFileType = sourcecode.c.h; path = drawfont.h; sourceTree = "<group>"; };
		E0EB3F4C19647F3F00BE6F5C /* GLstuff.cpp */ = {isa = PBXFileReference; fileEncoding = 4; lastKnownFileType = sourcecode.cpp.cpp; path = GLstuff.cpp; sourceTree = "<group>"; };
		E0EB3F4D19647F3F00BE6F5C /* GLstuff.h */ = {isa = PBXFileReference; fileEncoding = 4; lastKnownFileType = sourcecode.c.h; path = GLstuff.h; sourceTree = "<group>"; };
		E0EB3F4E19647F3F00BE6F5C /* SDLgraph.cpp */ = {isa = PBXFileReference; fileEncoding = 4; lastKnownFileType = sourcecode.cpp.cpp; path = SDLgraph.cpp; sourceTree = "<group>"; };
		E0EB3F4F19647F3F00BE6F5C /* SDLgraph.h */ = {isa = PBXFileReference; fileEncoding = 4; lastKnownFileType = sourcecode.c.h; path = SDLgraph.h; sourceTree = "<group>"; };
		E0EB3F5019647F3F00BE6F5C /* shader.cpp */ = {isa = PBXFileReference; fileEncoding = 4; lastKnownFileType = sourcecode.cpp.cpp; path = shader.cpp; sourceTree = "<group>"; };
		E0EB3F5119647F3F00BE6F5C /* shader.h */ = {isa = PBXFileReference; fileEncoding = 4; lastKnownFileType = sourcecode.c.h; path = shader.h; sourceTree = "<group>"; };
		E0EB3F5219647F3F00BE6F5C /* main.cpp */ = {isa = PBXFileReference; fileEncoding = 4; lastKnownFileType = sourcecode.cpp.cpp; name = main.cpp; path = ../src/main.cpp; sourceTree = "<group>"; };
		E0EB3F5319647F3F00BE6F5C /* main.h */ = {isa = PBXFileReference; fileEncoding = 4; lastKnownFileType = sourcecode.c.h; name = main.h; path = ../src/main.h; sourceTree = "<group>"; };
		E0EB3F5519647F3F00BE6F5C /* PhysicsManager.cpp */ = {isa = PBXFileReference; fileEncoding = 4; lastKnownFileType = sourcecode.cpp.cpp; path = PhysicsManager.cpp; sourceTree = "<group>"; };
		E0EB3F5619647F3F00BE6F5C /* PhysicsManager.h */ = {isa = PBXFileReference; fileEncoding = 4; lastKnownFileType = sourcecode.c.h; path = PhysicsManager.h; sourceTree = "<group>"; };
		E0EB3F5819647F3F00BE6F5C /* INIparser.cpp */ = {isa = PBXFileReference; fileEncoding = 4; lastKnownFileType = sourcecode.cpp.cpp; path = INIparser.cpp; sourceTree = "<group>"; };
		E0EB3F5919647F3F00BE6F5C /* INIparser.h */ = {isa = PBXFileReference; fileEncoding = 4; lastKnownFileType = sourcecode.c.h; path = INIparser.h; sourceTree = "<group>"; };
		E0EB3F5A19647F3F00BE6F5C /* ObjectCreator.cpp */ = {isa = PBXFileReference; fileEncoding = 4; lastKnownFileType = sourcecode.cpp.cpp; path = ObjectCreator.cpp; sourceTree = "<group>"; };
		E0EB3F5B19647F3F00BE6F5C /* ObjectCreator.h */ = {isa = PBXFileReference; fileEncoding = 4; lastKnownFileType = sourcecode.c.h; path = ObjectCreator.h; sourceTree = "<group>"; };
		E0EB3F5C19647F3F00BE6F5C /* OBJparser.cpp */ = {isa = PBXFileReference; fileEncoding = 4; lastKnownFileType = sourcecode.cpp.cpp; path = OBJparser.cpp; sourceTree = "<group>"; };
		E0EB3F5D19647F3F00BE6F5C /* OBJparser.h */ = {isa = PBXFileReference; fileEncoding = 4; lastKnownFileType = sourcecode.c.h; path = OBJparser.h; sourceTree = "<group>"; };
		E0EB3F5E19647F3F00BE6F5C /* tools.cpp */ = {isa = PBXFileReference; fileEncoding = 4; lastKnownFileType = sourcecode.cpp.cpp; name = tools.cpp; path = ../src/tools.cpp; sourceTree = "<group>"; };
		E0EB3F5F19647F3F00BE6F5C /* tools.h */ = {isa = PBXFileReference; fileEncoding = 4; lastKnownFileType = sourcecode.c.h; name = tools.h; path = ../src/tools.h; sourceTree = "<group>"; };
		E0EB3F80196480C900BE6F5C /* OpenGL.framework */ = {isa = PBXFileReference; lastKnownFileType = wrapper.framework; name = OpenGL.framework; path = System/Library/Frameworks/OpenGL.framework; sourceTree = SDKROOT; };
/* End PBXFileReference section */

/* Begin PBXFrameworksBuildPhase section */
		E0EB3EA519647CEA00BE6F5C /* Frameworks */ = {
			isa = PBXFrameworksBuildPhase;
			buildActionMask = 2147483647;
			files = (
				E0EB3F8E196482E300BE6F5C /* Cocoa.framework in Frameworks */,
				E0EB3F81196480C900BE6F5C /* OpenGL.framework in Frameworks */,
				E0EB3EE619647D4D00BE6F5C /* SDL2.framework in Frameworks */,
				E0EB3EE319647D4D00BE6F5C /* SDL2_image.framework in Frameworks */,
				E0EB3EE519647D4D00BE6F5C /* SDL2_ttf.framework in Frameworks */,
				E0EB3EE419647D4D00BE6F5C /* SDL2_mixer.framework in Frameworks */,
				E0EB3EE819647D8600BE6F5C /* libGLEW.1.10.0.dylib in Frameworks */,
				E0EB3EFE19647DA300BE6F5C /* libLinearMath.dylib in Frameworks */,
				E0EB3EF919647DA300BE6F5C /* libBulletMultiThreaded.2.82.dylib in Frameworks */,
				E0EB3EFB19647DA300BE6F5C /* libBulletSoftBody.2.82.dylib in Frameworks */,
				E0EB3EF819647DA300BE6F5C /* libBulletDynamics.dylib in Frameworks */,
				E0EB3EFF19647DA300BE6F5C /* libMiniCL.2.82.dylib in Frameworks */,
				E0EB3EFC19647DA300BE6F5C /* libBulletSoftBody.dylib in Frameworks */,
				E0EB3EFA19647DA300BE6F5C /* libBulletMultiThreaded.dylib in Frameworks */,
				E0EB3EF719647DA300BE6F5C /* libBulletDynamics.2.82.dylib in Frameworks */,
				E0EB3EF519647DA300BE6F5C /* libBulletCollision.2.82.dylib in Frameworks */,
				E0EB3EFD19647DA300BE6F5C /* libLinearMath.2.82.dylib in Frameworks */,
				E0EB3EF619647DA300BE6F5C /* libBulletCollision.dylib in Frameworks */,
				E0EB3F0019647DA300BE6F5C /* libMiniCL.dylib in Frameworks */,
			);
			runOnlyForDeploymentPostprocessing = 0;
		};
		E0EB3EC619647CEA00BE6F5C /* Frameworks */ = {
			isa = PBXFrameworksBuildPhase;
			buildActionMask = 2147483647;
			files = (
				E0EB3ECC19647CEA00BE6F5C /* Cocoa.framework in Frameworks */,
				E0EB3ECB19647CEA00BE6F5C /* XCTest.framework in Frameworks */,
			);
			runOnlyForDeploymentPostprocessing = 0;
		};
/* End PBXFrameworksBuildPhase section */

/* Begin PBXGroup section */
		E0EB3E9F19647CEA00BE6F5C = {
			isa = PBXGroup;
			children = (
				E0EB3F1319647F2200BE6F5C /* SOURCE */,
				E0EB3EB119647CEA00BE6F5C /* macbuild */,
				E0EB3EAA19647CEA00BE6F5C /* Frameworks */,
				E0EB3EA919647CEA00BE6F5C /* Products */,
			);
			sourceTree = "<group>";
		};
		E0EB3EA919647CEA00BE6F5C /* Products */ = {
			isa = PBXGroup;
			children = (
				E0EB3EA819647CEA00BE6F5C /* macbuild.app */,
				E0EB3EC919647CEA00BE6F5C /* macbuildTests.xctest */,
			);
			name = Products;
			sourceTree = "<group>";
		};
		E0EB3EAA19647CEA00BE6F5C /* Frameworks */ = {
			isa = PBXGroup;
			children = (
				E0EB3EAB19647CEA00BE6F5C /* Cocoa.framework */,
				E0EB3F80196480C900BE6F5C /* OpenGL.framework */,
				E0EB3EE919647DA300BE6F5C /* libBulletCollision.2.82.dylib */,
				E0EB3EEA19647DA300BE6F5C /* libBulletCollision.dylib */,
				E0EB3EEB19647DA300BE6F5C /* libBulletDynamics.2.82.dylib */,
				E0EB3EEC19647DA300BE6F5C /* libBulletDynamics.dylib */,
				E0EB3EED19647DA300BE6F5C /* libBulletMultiThreaded.2.82.dylib */,
				E0EB3EEE19647DA300BE6F5C /* libBulletMultiThreaded.dylib */,
				E0EB3EEF19647DA300BE6F5C /* libBulletSoftBody.2.82.dylib */,
				E0EB3EF019647DA300BE6F5C /* libBulletSoftBody.dylib */,
				E0EB3EF119647DA300BE6F5C /* libLinearMath.2.82.dylib */,
				E0EB3EF219647DA300BE6F5C /* libLinearMath.dylib */,
				E0EB3EF319647DA300BE6F5C /* libMiniCL.2.82.dylib */,
				E0EB3EF419647DA300BE6F5C /* libMiniCL.dylib */,
				E0EB3EE719647D8600BE6F5C /* libGLEW.1.10.0.dylib */,
				E0EB3EDF19647D4D00BE6F5C /* SDL2_image.framework */,
				E0EB3EE019647D4D00BE6F5C /* SDL2_mixer.framework */,
				E0EB3EE119647D4D00BE6F5C /* SDL2_ttf.framework */,
				E0EB3EE219647D4D00BE6F5C /* SDL2.framework */,
				E0EB3ECA19647CEA00BE6F5C /* XCTest.framework */,
				E0EB3EAD19647CEA00BE6F5C /* Other Frameworks */,
			);
			name = Frameworks;
			sourceTree = "<group>";
		};
		E0EB3EAD19647CEA00BE6F5C /* Other Frameworks */ = {
			isa = PBXGroup;
			children = (
				E0EB3EAE19647CEA00BE6F5C /* AppKit.framework */,
				E0EB3EAF19647CEA00BE6F5C /* CoreData.framework */,
				E0EB3EB019647CEA00BE6F5C /* Foundation.framework */,
			);
			name = "Other Frameworks";
			sourceTree = "<group>";
		};
		E0EB3EB119647CEA00BE6F5C /* macbuild */ = {
			isa = PBXGroup;
			children = (
				E0EB3EC319647CEA00BE6F5C /* Images.xcassets */,
				E0EB3EB219647CEA00BE6F5C /* Supporting Files */,
			);
			path = macbuild;
			sourceTree = "<group>";
		};
		E0EB3EB219647CEA00BE6F5C /* Supporting Files */ = {
			isa = PBXGroup;
			children = (
				E0EB3EB319647CEA00BE6F5C /* macbuild-Info.plist */,
				E0EB3EB419647CEA00BE6F5C /* InfoPlist.strings */,
				E0EB3EB919647CEA00BE6F5C /* macbuild-Prefix.pch */,
				E0EB3EBA19647CEA00BE6F5C /* Credits.rtf */,
			);
			name = "Supporting Files";
			sourceTree = "<group>";
		};
		E0EB3F1319647F2200BE6F5C /* SOURCE */ = {
			isa = PBXGroup;
			children = (
				E0EB3F1419647F3F00BE6F5C /* Common */,
				E0EB3F1719647F3F00BE6F5C /* Components */,
				E0EB3F3019647F3F00BE6F5C /* conf.cpp */,
				E0EB3F3119647F3F00BE6F5C /* conf.h */,
				E0EB3F3219647F3F00BE6F5C /* Entitys */,
				E0EB3F3919647F3F00BE6F5C /* EntitySystem */,
				E0EB3F3C19647F3F00BE6F5C /* EventMessages */,
				E0EB3F4119647F3F00BE6F5C /* EventSystem */,
				E0EB3F4419647F3F00BE6F5C /* Factories */,
				E0EB3F4919647F3F00BE6F5C /* GraphicTools */,
				E0EB3F5219647F3F00BE6F5C /* main.cpp */,
				E0EB3F5319647F3F00BE6F5C /* main.h */,
				E0EB3F5419647F3F00BE6F5C /* Managers */,
				E0EB3F5719647F3F00BE6F5C /* SystemTools */,
				E0EB3F5E19647F3F00BE6F5C /* tools.cpp */,
				E0EB3F5F19647F3F00BE6F5C /* tools.h */,
			);
			name = SOURCE;
			sourceTree = "<group>";
		};
		E0EB3F1419647F3F00BE6F5C /* Common */ = {
			isa = PBXGroup;
			children = (
				E0EB3F1519647F3F00BE6F5C /* ContentLoader.cpp */,
				E0EB3F1619647F3F00BE6F5C /* ContentLoader.h */,
			);
			name = Common;
			path = ../src/Common;
			sourceTree = "<group>";
		};
		E0EB3F1719647F3F00BE6F5C /* Components */ = {
			isa = PBXGroup;
			children = (
				E0EB3F1819647F3F00BE6F5C /* Camera.cpp */,
				E0EB3F1919647F3F00BE6F5C /* Camera.h */,
				E0EB3F1A19647F3F00BE6F5C /* CharacterController.cpp */,
				E0EB3F1B19647F3F00BE6F5C /* CharacterController.h */,
				E0EB3F1C19647F3F00BE6F5C /* FramesPerSecond.cpp */,
				E0EB3F1D19647F3F00BE6F5C /* FramesPerSecond.h */,
				E0EB3F1E19647F3F00BE6F5C /* Material.cpp */,
				E0EB3F1F19647F3F00BE6F5C /* Material.h */,
				E0EB3F2019647F3F00BE6F5C /* Mesh.cpp */,
				E0EB3F2119647F3F00BE6F5C /* Mesh.h */,
				E0EB3F2219647F3F00BE6F5C /* MeshRenderer.cpp */,
				E0EB3F2319647F3F00BE6F5C /* MeshRenderer.h */,
				E0EB3F2419647F3F00BE6F5C /* Renderer.cpp */,
				E0EB3F2519647F3F00BE6F5C /* Renderer.h */,
				E0EB3F2619647F3F00BE6F5C /* RenderManager.cpp */,
				E0EB3F2719647F3F00BE6F5C /* RenderManager.h */,
				E0EB3F2819647F3F00BE6F5C /* RigidBody.cpp */,
				E0EB3F2919647F3F00BE6F5C /* RigidBody.h */,
				E0EB3F2A19647F3F00BE6F5C /* SkyBoxRenderer.cpp */,
				E0EB3F2B19647F3F00BE6F5C /* SkyBoxRenderer.h */,
				E0EB3F2C19647F3F00BE6F5C /* TextRenderer.cpp */,
				E0EB3F2D19647F3F00BE6F5C /* TextRenderer.h */,
				E0EB3F2E19647F3F00BE6F5C /* Transform.cpp */,
				E0EB3F2F19647F3F00BE6F5C /* Transform.h */,
			);
			name = Components;
			path = ../src/Components;
			sourceTree = "<group>";
		};
		E0EB3F3219647F3F00BE6F5C /* Entitys */ = {
			isa = PBXGroup;
			children = (
				E0EB3F3319647F3F00BE6F5C /* EventHandler.cpp */,
				E0EB3F3419647F3F00BE6F5C /* EventHandler.h */,
				E0EB3F3519647F3F00BE6F5C /* InputHandler.cpp */,
				E0EB3F3619647F3F00BE6F5C /* InputHandler.h */,
				E0EB3F3719647F3F00BE6F5C /* Player.cpp */,
				E0EB3F3819647F3F00BE6F5C /* Player.h */,
			);
			name = Entitys;
			path = ../src/Entitys;
			sourceTree = "<group>";
		};
		E0EB3F3919647F3F00BE6F5C /* EntitySystem */ = {
			isa = PBXGroup;
			children = (
				E0EB3F3A19647F3F00BE6F5C /* Component.h */,
				E0EB3F3B19647F3F00BE6F5C /* Entity.h */,
			);
			name = EntitySystem;
			path = ../src/EntitySystem;
			sourceTree = "<group>";
		};
		E0EB3F3C19647F3F00BE6F5C /* EventMessages */ = {
			isa = PBXGroup;
			children = (
				E0EB3F3D19647F3F00BE6F5C /* EventInput.cpp */,
				E0EB3F3E19647F3F00BE6F5C /* EventInput.h */,
				E0EB3F3F19647F3F00BE6F5C /* EventSystemMessages.cpp */,
				E0EB3F4019647F3F00BE6F5C /* EventSystemMessages.h */,
			);
			name = EventMessages;
			path = ../src/EventMessages;
			sourceTree = "<group>";
		};
		E0EB3F4119647F3F00BE6F5C /* EventSystem */ = {
			isa = PBXGroup;
			children = (
				E0EB3F4219647F3F00BE6F5C /* EventSystem.cpp */,
				E0EB3F4319647F3F00BE6F5C /* EventSystem.h */,
			);
			name = EventSystem;
			path = ../src/EventSystem;
			sourceTree = "<group>";
		};
		E0EB3F4419647F3F00BE6F5C /* Factories */ = {
			isa = PBXGroup;
			children = (
				E0EB3F4519647F3F00BE6F5C /* EntityFactory.cpp */,
				E0EB3F4619647F3F00BE6F5C /* EntityFactory.h */,
				E0EB3F4719647F3F00BE6F5C /* MeshFactory.cpp */,
				E0EB3F4819647F3F00BE6F5C /* MeshFactory.h */,
			);
			name = Factories;
			path = ../src/Factories;
			sourceTree = "<group>";
		};
		E0EB3F4919647F3F00BE6F5C /* GraphicTools */ = {
			isa = PBXGroup;
			children = (
				E0EB3F4A19647F3F00BE6F5C /* drawfont.cpp */,
				E0EB3F4B19647F3F00BE6F5C /* drawfont.h */,
				E0EB3F4C19647F3F00BE6F5C /* GLstuff.cpp */,
				E0EB3F4D19647F3F00BE6F5C /* GLstuff.h */,
				E0EB3F4E19647F3F00BE6F5C /* SDLgraph.cpp */,
				E0EB3F4F19647F3F00BE6F5C /* SDLgraph.h */,
				E0EB3F5019647F3F00BE6F5C /* shader.cpp */,
				E0EB3F5119647F3F00BE6F5C /* shader.h */,
			);
			name = GraphicTools;
			path = ../src/GraphicTools;
			sourceTree = "<group>";
		};
		E0EB3F5419647F3F00BE6F5C /* Managers */ = {
			isa = PBXGroup;
			children = (
				E0EB3F5519647F3F00BE6F5C /* PhysicsManager.cpp */,
				E0EB3F5619647F3F00BE6F5C /* PhysicsManager.h */,
			);
			name = Managers;
			path = ../src/Managers;
			sourceTree = "<group>";
		};
		E0EB3F5719647F3F00BE6F5C /* SystemTools */ = {
			isa = PBXGroup;
			children = (
				E0EB3F5819647F3F00BE6F5C /* INIparser.cpp */,
				E0EB3F5919647F3F00BE6F5C /* INIparser.h */,
				E0EB3F5A19647F3F00BE6F5C /* ObjectCreator.cpp */,
				E0EB3F5B19647F3F00BE6F5C /* ObjectCreator.h */,
				E0EB3F5C19647F3F00BE6F5C /* OBJparser.cpp */,
				E0EB3F5D19647F3F00BE6F5C /* OBJparser.h */,
			);
			name = SystemTools;
			path = ../src/SystemTools;
			sourceTree = "<group>";
		};
/* End PBXGroup section */

/* Begin PBXNativeTarget section */
		E0EB3EA719647CEA00BE6F5C /* macbuild */ = {
			isa = PBXNativeTarget;
			buildConfigurationList = E0EB3ED919647CEA00BE6F5C /* Build configuration list for PBXNativeTarget "macbuild" */;
			buildPhases = (
				E0EB3EA419647CEA00BE6F5C /* Sources */,
				E0EB3EA519647CEA00BE6F5C /* Frameworks */,
				E0EB3EA619647CEA00BE6F5C /* Resources */,
				E0EB3F0119647EFF00BE6F5C /* CopyFiles */,
			);
			buildRules = (
			);
			dependencies = (
			);
			name = macbuild;
			productName = macbuild;
			productReference = E0EB3EA819647CEA00BE6F5C /* macbuild.app */;
			productType = "com.apple.product-type.application";
		};
		E0EB3EC819647CEA00BE6F5C /* macbuildTests */ = {
			isa = PBXNativeTarget;
			buildConfigurationList = E0EB3EDC19647CEA00BE6F5C /* Build configuration list for PBXNativeTarget "macbuildTests" */;
			buildPhases = (
				E0EB3EC519647CEA00BE6F5C /* Sources */,
				E0EB3EC619647CEA00BE6F5C /* Frameworks */,
				E0EB3EC719647CEA00BE6F5C /* Resources */,
			);
			buildRules = (
			);
			dependencies = (
				E0EB3ECE19647CEA00BE6F5C /* PBXTargetDependency */,
			);
			name = macbuildTests;
			productName = macbuildTests;
			productReference = E0EB3EC919647CEA00BE6F5C /* macbuildTests.xctest */;
			productType = "com.apple.product-type.bundle.unit-test";
		};
/* End PBXNativeTarget section */

/* Begin PBXProject section */
		E0EB3EA019647CEA00BE6F5C /* Project object */ = {
			isa = PBXProject;
			attributes = {
				LastUpgradeCheck = 0510;
				ORGANIZATIONNAME = "Sista Vip Corporation";
				TargetAttributes = {
					E0EB3EC819647CEA00BE6F5C = {
						TestTargetID = E0EB3EA719647CEA00BE6F5C;
					};
				};
			};
			buildConfigurationList = E0EB3EA319647CEA00BE6F5C /* Build configuration list for PBXProject "macbuild" */;
			compatibilityVersion = "Xcode 3.2";
			developmentRegion = English;
			hasScannedForEncodings = 0;
			knownRegions = (
				en,
				Base,
			);
			mainGroup = E0EB3E9F19647CEA00BE6F5C;
			productRefGroup = E0EB3EA919647CEA00BE6F5C /* Products */;
			projectDirPath = "";
			projectRoot = "";
			targets = (
				E0EB3EA719647CEA00BE6F5C /* macbuild */,
				E0EB3EC819647CEA00BE6F5C /* macbuildTests */,
			);
		};
/* End PBXProject section */

/* Begin PBXResourcesBuildPhase section */
		E0EB3EA619647CEA00BE6F5C /* Resources */ = {
			isa = PBXResourcesBuildPhase;
			buildActionMask = 2147483647;
			files = (
				E0EB3EB619647CEA00BE6F5C /* InfoPlist.strings in Resources */,
				E0EB3EC419647CEA00BE6F5C /* Images.xcassets in Resources */,
				E0EB3EBC19647CEA00BE6F5C /* Credits.rtf in Resources */,
			);
			runOnlyForDeploymentPostprocessing = 0;
		};
		E0EB3EC719647CEA00BE6F5C /* Resources */ = {
			isa = PBXResourcesBuildPhase;
			buildActionMask = 2147483647;
			files = (
			);
			runOnlyForDeploymentPostprocessing = 0;
		};
/* End PBXResourcesBuildPhase section */

/* Begin PBXSourcesBuildPhase section */
		E0EB3EA419647CEA00BE6F5C /* Sources */ = {
			isa = PBXSourcesBuildPhase;
			buildActionMask = 2147483647;
			files = (
				E0EB3F6519647F3F00BE6F5C /* Mesh.cpp in Sources */,
				E0EB3F7D19647F3F00BE6F5C /* ObjectCreator.cpp in Sources */,
				E0EB3F7B19647F3F00BE6F5C /* PhysicsManager.cpp in Sources */,
				E0EB3F7C19647F3F00BE6F5C /* INIparser.cpp in Sources */,
				E0EB3F7E19647F3F00BE6F5C /* OBJparser.cpp in Sources */,
				E0EB3F6B19647F3F00BE6F5C /* TextRenderer.cpp in Sources */,
				E0EB3F7A19647F3F00BE6F5C /* main.cpp in Sources */,
				E0EB3F7419647F3F00BE6F5C /* EntityFactory.cpp in Sources */,
				E0EB3F6919647F3F00BE6F5C /* RigidBody.cpp in Sources */,
				E0EB3F7019647F3F00BE6F5C /* Player.cpp in Sources */,
				E0EB3F7519647F3F00BE6F5C /* MeshFactory.cpp in Sources */,
				E0EB3F7F19647F3F00BE6F5C /* tools.cpp in Sources */,
				E0EB3F7819647F3F00BE6F5C /* SDLgraph.cpp in Sources */,
				E0EB3F7219647F3F00BE6F5C /* EventSystemMessages.cpp in Sources */,
				E0EB3F6219647F3F00BE6F5C /* CharacterController.cpp in Sources */,
				E0EB3F6319647F3F00BE6F5C /* FramesPerSecond.cpp in Sources */,
				E0EB3F7919647F3F00BE6F5C /* shader.cpp in Sources */,
				E0EB3F6E19647F3F00BE6F5C /* EventHandler.cpp in Sources */,
				E0EB3F6119647F3F00BE6F5C /* Camera.cpp in Sources */,
				E0EB3F6C19647F3F00BE6F5C /* Transform.cpp in Sources */,
				E0EB3F7619647F3F00BE6F5C /* drawfont.cpp in Sources */,
				E0EB3F6D19647F3F00BE6F5C /* conf.cpp in Sources */,
				E0EB3F7319647F3F00BE6F5C /* EventSystem.cpp in Sources */,
				E0EB3F7719647F3F00BE6F5C /* GLstuff.cpp in Sources */,
				E0EB3F6719647F3F00BE6F5C /* Renderer.cpp in Sources */,
				E0EB3F6A19647F3F00BE6F5C /* SkyBoxRenderer.cpp in Sources */,
				E0EB3F6619647F3F00BE6F5C /* MeshRenderer.cpp in Sources */,
				E0EB3F6419647F3F00BE6F5C /* Material.cpp in Sources */,
				E0EB3F6819647F3F00BE6F5C /* RenderManager.cpp in Sources */,
				E0EB3F7119647F3F00BE6F5C /* EventInput.cpp in Sources */,
				E0EB3F6019647F3F00BE6F5C /* ContentLoader.cpp in Sources */,
				E0EB3F6F19647F3F00BE6F5C /* InputHandler.cpp in Sources */,
			);
			runOnlyForDeploymentPostprocessing = 0;
		};
		E0EB3EC519647CEA00BE6F5C /* Sources */ = {
			isa = PBXSourcesBuildPhase;
			buildActionMask = 2147483647;
			files = (
			);
			runOnlyForDeploymentPostprocessing = 0;
		};
/* End PBXSourcesBuildPhase section */

/* Begin PBXTargetDependency section */
		E0EB3ECE19647CEA00BE6F5C /* PBXTargetDependency */ = {
			isa = PBXTargetDependency;
			target = E0EB3EA719647CEA00BE6F5C /* macbuild */;
			targetProxy = E0EB3ECD19647CEA00BE6F5C /* PBXContainerItemProxy */;
		};
/* End PBXTargetDependency section */

/* Begin PBXVariantGroup section */
		E0EB3EB419647CEA00BE6F5C /* InfoPlist.strings */ = {
			isa = PBXVariantGroup;
			children = (
				E0EB3EB519647CEA00BE6F5C /* en */,
			);
			name = InfoPlist.strings;
			sourceTree = "<group>";
		};
		E0EB3EBA19647CEA00BE6F5C /* Credits.rtf */ = {
			isa = PBXVariantGroup;
			children = (
				E0EB3EBB19647CEA00BE6F5C /* en */,
			);
			name = Credits.rtf;
			sourceTree = "<group>";
		};
/* End PBXVariantGroup section */

/* Begin XCBuildConfiguration section */
		E0EB3ED719647CEA00BE6F5C /* Debug */ = {
			isa = XCBuildConfiguration;
			buildSettings = {
				ALWAYS_SEARCH_USER_PATHS = NO;
				CLANG_CXX_LANGUAGE_STANDARD = "gnu++0x";
				CLANG_CXX_LIBRARY = "libc++";
				CLANG_ENABLE_MODULES = YES;
				CLANG_ENABLE_OBJC_ARC = YES;
				CLANG_WARN_BOOL_CONVERSION = YES;
				CLANG_WARN_CONSTANT_CONVERSION = YES;
				CLANG_WARN_DIRECT_OBJC_ISA_USAGE = YES_ERROR;
				CLANG_WARN_EMPTY_BODY = YES;
				CLANG_WARN_ENUM_CONVERSION = YES;
				CLANG_WARN_INT_CONVERSION = YES;
				CLANG_WARN_OBJC_ROOT_CLASS = YES_ERROR;
				CLANG_WARN__DUPLICATE_METHOD_MATCH = YES;
				COPY_PHASE_STRIP = NO;
				GCC_C_LANGUAGE_STANDARD = gnu99;
				GCC_DYNAMIC_NO_PIC = NO;
				GCC_ENABLE_OBJC_EXCEPTIONS = YES;
				GCC_OPTIMIZATION_LEVEL = 0;
				GCC_PREPROCESSOR_DEFINITIONS = (
					"DEBUG=1",
					"$(inherited)",
				);
				GCC_SYMBOLS_PRIVATE_EXTERN = NO;
				GCC_WARN_64_TO_32_BIT_CONVERSION = YES;
				GCC_WARN_ABOUT_RETURN_TYPE = YES_ERROR;
				GCC_WARN_UNDECLARED_SELECTOR = YES;
				GCC_WARN_UNINITIALIZED_AUTOS = YES_AGGRESSIVE;
				GCC_WARN_UNUSED_FUNCTION = YES;
				GCC_WARN_UNUSED_VARIABLE = YES;
				MACOSX_DEPLOYMENT_TARGET = 10.9;
				ONLY_ACTIVE_ARCH = YES;
				SDKROOT = macosx;
			};
			name = Debug;
		};
		E0EB3ED819647CEA00BE6F5C /* Release */ = {
			isa = XCBuildConfiguration;
			buildSettings = {
				ALWAYS_SEARCH_USER_PATHS = NO;
				CLANG_CXX_LANGUAGE_STANDARD = "gnu++0x";
				CLANG_CXX_LIBRARY = "libc++";
				CLANG_ENABLE_MODULES = YES;
				CLANG_ENABLE_OBJC_ARC = YES;
				CLANG_WARN_BOOL_CONVERSION = YES;
				CLANG_WARN_CONSTANT_CONVERSION = YES;
				CLANG_WARN_DIRECT_OBJC_ISA_USAGE = YES_ERROR;
				CLANG_WARN_EMPTY_BODY = YES;
				CLANG_WARN_ENUM_CONVERSION = YES;
				CLANG_WARN_INT_CONVERSION = YES;
				CLANG_WARN_OBJC_ROOT_CLASS = YES_ERROR;
				CLANG_WARN__DUPLICATE_METHOD_MATCH = YES;
				COPY_PHASE_STRIP = YES;
				DEBUG_INFORMATION_FORMAT = "dwarf-with-dsym";
				ENABLE_NS_ASSERTIONS = NO;
				GCC_C_LANGUAGE_STANDARD = gnu99;
				GCC_ENABLE_OBJC_EXCEPTIONS = YES;
				GCC_WARN_64_TO_32_BIT_CONVERSION = YES;
				GCC_WARN_ABOUT_RETURN_TYPE = YES_ERROR;
				GCC_WARN_UNDECLARED_SELECTOR = YES;
				GCC_WARN_UNINITIALIZED_AUTOS = YES_AGGRESSIVE;
				GCC_WARN_UNUSED_FUNCTION = YES;
				GCC_WARN_UNUSED_VARIABLE = YES;
				MACOSX_DEPLOYMENT_TARGET = 10.9;
				SDKROOT = macosx;
			};
			name = Release;
		};
		E0EB3EDA19647CEA00BE6F5C /* Debug */ = {
			isa = XCBuildConfiguration;
			buildSettings = {
				ASSETCATALOG_COMPILER_APPICON_NAME = AppIcon;
				COMBINE_HIDPI_IMAGES = YES;
				FRAMEWORK_SEARCH_PATHS = (
					"$(inherited)",
					"$(SRCROOT)/../Frameworks/SDL2/maclib",
				);
				GCC_PRECOMPILE_PREFIX_HEADER = YES;
				GCC_PREFIX_HEADER = "macbuild/macbuild-Prefix.pch";
				HEADER_SEARCH_PATHS = (
					"$(inherited)",
					/Applications/Xcode.app/Contents/Developer/Toolchains/XcodeDefault.xctoolchain/usr/include,
					"$(SRCROOT)/../Frameworks/Bullet/src",
					"$(SRCROOT)/../Frameworks/SDL2/include",
					"$(SRCROOT)/../Frameworks/GLew/include",
					"$(SRCROOT)/../Frameworks/glm",
				);
				INFOPLIST_FILE = "macbuild/macbuild-Info.plist";
				LD_RUNPATH_SEARCH_PATHS = "@executable_path/../Frameworks";
				LIBRARY_SEARCH_PATHS = (
					"$(inherited)",
					"$(SRCROOT)/../Frameworks/GLew/maclib",
					"$(SRCROOT)/../Frameworks/Bullet/maclib",
					/Users/KeyReal/Desktop/RTSFPS/RTSFPS/SOURCE/Frameworks/Bullet/maclib,
					/Users/KeyReal/Desktop/RTSFPS/RTSFPS/SOURCE/Frameworks/GLew/maclib,
				);
				PRODUCT_NAME = "$(TARGET_NAME)";
				WRAPPER_EXTENSION = app;
			};
			name = Debug;
		};
		E0EB3EDB19647CEA00BE6F5C /* Release */ = {
			isa = XCBuildConfiguration;
			buildSettings = {
				ASSETCATALOG_COMPILER_APPICON_NAME = AppIcon;
				COMBINE_HIDPI_IMAGES = YES;
				FRAMEWORK_SEARCH_PATHS = (
					"$(inherited)",
					"$(SRCROOT)/../Frameworks/SDL2/maclib",
				);
				GCC_PRECOMPILE_PREFIX_HEADER = YES;
				GCC_PREFIX_HEADER = "macbuild/macbuild-Prefix.pch";
				HEADER_SEARCH_PATHS = (
					"$(inherited)",
					/Applications/Xcode.app/Contents/Developer/Toolchains/XcodeDefault.xctoolchain/usr/include,
					"$(SRCROOT)/../Frameworks/Bullet/src",
					"$(SRCROOT)/../Frameworks/SDL2/include",
					"$(SRCROOT)/../Frameworks/GLew/include",
					"$(SRCROOT)/../Frameworks/glm",
				);
				INFOPLIST_FILE = "macbuild/macbuild-Info.plist";
				LD_RUNPATH_SEARCH_PATHS = "@executable_path/../Frameworks";
				LIBRARY_SEARCH_PATHS = (
					"$(inherited)",
					"$(SRCROOT)/../Frameworks/GLew/maclib",
					"$(SRCROOT)/../Frameworks/Bullet/maclib",
					/Users/KeyReal/Desktop/RTSFPS/RTSFPS/SOURCE/Frameworks/Bullet/maclib,
					/Users/KeyReal/Desktop/RTSFPS/RTSFPS/SOURCE/Frameworks/GLew/maclib,
				);
				PRODUCT_NAME = "$(TARGET_NAME)";
				WRAPPER_EXTENSION = app;
			};
			name = Release;
		};
		E0EB3EDD19647CEA00BE6F5C /* Debug */ = {
			isa = XCBuildConfiguration;
			buildSettings = {
				BUNDLE_LOADER = "$(BUILT_PRODUCTS_DIR)/macbuild.app/Contents/MacOS/macbuild";
				COMBINE_HIDPI_IMAGES = YES;
				FRAMEWORK_SEARCH_PATHS = (
					"$(DEVELOPER_FRAMEWORKS_DIR)",
					"$(inherited)",
				);
				GCC_PRECOMPILE_PREFIX_HEADER = YES;
				GCC_PREFIX_HEADER = "macbuild/macbuild-Prefix.pch";
				GCC_PREPROCESSOR_DEFINITIONS = (
					"DEBUG=1",
					"$(inherited)",
				);
				INFOPLIST_FILE = "macbuildTests/macbuildTests-Info.plist";
				PRODUCT_NAME = "$(TARGET_NAME)";
				TEST_HOST = "$(BUNDLE_LOADER)";
				WRAPPER_EXTENSION = xctest;
			};
			name = Debug;
		};
		E0EB3EDE19647CEA00BE6F5C /* Release */ = {
			isa = XCBuildConfiguration;
			buildSettings = {
				BUNDLE_LOADER = "$(BUILT_PRODUCTS_DIR)/macbuild.app/Contents/MacOS/macbuild";
				COMBINE_HIDPI_IMAGES = YES;
				FRAMEWORK_SEARCH_PATHS = (
					"$(DEVELOPER_FRAMEWORKS_DIR)",
					"$(inherited)",
				);
				GCC_PRECOMPILE_PREFIX_HEADER = YES;
				GCC_PREFIX_HEADER = "macbuild/macbuild-Prefix.pch";
				INFOPLIST_FILE = "macbuildTests/macbuildTests-Info.plist";
				PRODUCT_NAME = "$(TARGET_NAME)";
				TEST_HOST = "$(BUNDLE_LOADER)";
				WRAPPER_EXTENSION = xctest;
			};
			name = Release;
		};
/* End XCBuildConfiguration section */

/* Begin XCConfigurationList section */
		E0EB3EA319647CEA00BE6F5C /* Build configuration list for PBXProject "macbuild" */ = {
			isa = XCConfigurationList;
			buildConfigurations = (
				E0EB3ED719647CEA00BE6F5C /* Debug */,
				E0EB3ED819647CEA00BE6F5C /* Release */,
			);
			defaultConfigurationIsVisible = 0;
			defaultConfigurationName = Release;
		};
		E0EB3ED919647CEA00BE6F5C /* Build configuration list for PBXNativeTarget "macbuild" */ = {
			isa = XCConfigurationList;
			buildConfigurations = (
				E0EB3EDA19647CEA00BE6F5C /* Debug */,
				E0EB3EDB19647CEA00BE6F5C /* Release */,
			);
			defaultConfigurationIsVisible = 0;
		};
		E0EB3EDC19647CEA00BE6F5C /* Build configuration list for PBXNativeTarget "macbuildTests" */ = {
			isa = XCConfigurationList;
			buildConfigurations = (
				E0EB3EDD19647CEA00BE6F5C /* Debug */,
				E0EB3EDE19647CEA00BE6F5C /* Release */,
			);
			defaultConfigurationIsVisible = 0;
		};
/* End XCConfigurationList section */
	};
	rootObject = E0EB3EA019647CEA00BE6F5C /* Project object */;
}
