<?xml version="1.0" encoding="utf-8"?>
<Project ToolsVersion="4.0" xmlns="http://schemas.microsoft.com/developer/msbuild/2003">
  <ItemGroup>
    <Filter Include="Engine">
      <UniqueIdentifier>{f7546bf2-ac00-4078-8b0f-57950798f461}</UniqueIdentifier>
    </Filter>
    <Filter Include="Gameplay">
      <UniqueIdentifier>{1fa69b2d-85cf-444d-90d2-1eced23cf587}</UniqueIdentifier>
    </Filter>
  </ItemGroup>
  <ItemGroup>
    <ClInclude Include="src\engine\freecam.h">
      <Filter>Engine</Filter>
    </ClInclude>
    <ClInclude Include="src\engine\geometry.h">
      <Filter>Engine</Filter>
    </ClInclude>
    <ClInclude Include="src\engine\GLstuff.h">
      <Filter>Engine</Filter>
    </ClInclude>
    <ClInclude Include="src\engine\INIparser.h">
      <Filter>Engine</Filter>
    </ClInclude>
    <ClInclude Include="src\engine\keys.h">
      <Filter>Engine</Filter>
    </ClInclude>
    <ClInclude Include="src\engine\OBJparser.h">
      <Filter>Engine</Filter>
    </ClInclude>
    <ClInclude Include="src\engine\shader.h">
      <Filter>Engine</Filter>
    </ClInclude>
    <ClInclude Include="src\engine\skybox.h">
      <Filter>Engine</Filter>
    </ClInclude>
    <ClInclude Include="src\engine\drawfont.h">
      <Filter>Engine</Filter>
    </ClInclude>
    <ClInclude Include="src\main.h" />
    <ClInclude Include="src\tools.h" />
    <ClInclude Include="src\Gameplay\test.h">
      <Filter>Gameplay</Filter>
    </ClInclude>
    <ClInclude Include="src\conf.h" />
    <ClInclude Include="src\Engine\GLgraph.h">
      <Filter>Engine</Filter>
    </ClInclude>
    <ClInclude Include="src\Engine\SDLgraph.h">
      <Filter>Engine</Filter>
    </ClInclude>
  </ItemGroup>
  <ItemGroup>
    <ClCompile Include="src\engine\geometry.cpp">
      <Filter>Engine</Filter>
    </ClCompile>
    <ClCompile Include="src\engine\GLstuff.cpp">
      <Filter>Engine</Filter>
    </ClCompile>
    <ClCompile Include="src\engine\INIparser.cpp">
      <Filter>Engine</Filter>
    </ClCompile>
    <ClCompile Include="src\engine\keys.cpp">
      <Filter>Engine</Filter>
    </ClCompile>
    <ClCompile Include="src\engine\OBJparser.cpp">
      <Filter>Engine</Filter>
    </ClCompile>
    <ClCompile Include="src\engine\shader.cpp">
      <Filter>Engine</Filter>
    </ClCompile>
    <ClCompile Include="src\engine\skybox.cpp">
      <Filter>Engine</Filter>
    </ClCompile>
    <ClCompile Include="src\engine\drawfont.cpp">
      <Filter>Engine</Filter>
    </ClCompile>
    <ClCompile Include="src\engine\freecam.cpp">
      <Filter>Engine</Filter>
    </ClCompile>
    <ClCompile Include="src\tools.cpp" />
    <ClCompile Include="src\main.cpp" />
    <ClCompile Include="src\Gameplay\test.cpp">
      <Filter>Gameplay</Filter>
    </ClCompile>
    <ClCompile Include="src\conf.cpp" />
    <ClCompile Include="src\Engine\GLgraph.cpp">
      <Filter>Engine</Filter>
    </ClCompile>
    <ClCompile Include="src\Engine\SDLgraph.cpp">
      <Filter>Engine</Filter>
    </ClCompile>
  </ItemGroup>
</Project>