<?xml version="1.0" encoding="utf-8"?>
<Project ToolsVersion="4.0" xmlns="http://schemas.microsoft.com/developer/msbuild/2003">
  <ItemGroup>
    <Filter Include="Engine">
      <UniqueIdentifier>{f7546bf2-ac00-4078-8b0f-57950798f461}</UniqueIdentifier>
    </Filter>
    <Filter Include="Gameplay">
      <UniqueIdentifier>{1fa69b2d-85cf-444d-90d2-1eced23cf587}</UniqueIdentifier>
    </Filter>
    <Filter Include="Engine\Components">
      <UniqueIdentifier>{c4900ec0-26c6-4e11-a2bc-c379aac04110}</UniqueIdentifier>
    </Filter>
    <Filter Include="Engine\EntitySystem">
      <UniqueIdentifier>{ae52d89d-25eb-43a2-8e56-925f5c5e0cf0}</UniqueIdentifier>
    </Filter>
    <Filter Include="Engine\Entitys">
      <UniqueIdentifier>{33215fbb-587a-44c1-944c-d19776e9ff41}</UniqueIdentifier>
    </Filter>
    <Filter Include="Gameplay\Nodes">
      <UniqueIdentifier>{bc9a1f3a-878d-4461-8a21-c404eff8befb}</UniqueIdentifier>
    </Filter>
  </ItemGroup>
  <ItemGroup>
    <ClInclude Include="src\engine\freecam.h">
      <Filter>Engine</Filter>
    </ClInclude>
    <ClInclude Include="src\engine\GLstuff.h">
      <Filter>Engine</Filter>
    </ClInclude>
    <ClInclude Include="src\engine\INIparser.h">
      <Filter>Engine</Filter>
    </ClInclude>
    <ClInclude Include="src\engine\keys.h">
      <Filter>Engine</Filter>
    </ClInclude>
    <ClInclude Include="src\engine\OBJparser.h">
      <Filter>Engine</Filter>
    </ClInclude>
    <ClInclude Include="src\engine\shader.h">
      <Filter>Engine</Filter>
    </ClInclude>
    <ClInclude Include="src\engine\skybox.h">
      <Filter>Engine</Filter>
    </ClInclude>
    <ClInclude Include="src\engine\drawfont.h">
      <Filter>Engine</Filter>
    </ClInclude>
    <ClInclude Include="src\main.h" />
    <ClInclude Include="src\tools.h" />
    <ClInclude Include="src\conf.h" />
    <ClInclude Include="src\Engine\SDLgraph.h">
      <Filter>Engine</Filter>
    </ClInclude>
    <ClInclude Include="src\Engine\renderer.h">
      <Filter>Engine</Filter>
    </ClInclude>
    <ClInclude Include="src\Engine\ObjectCreator.h">
      <Filter>Engine</Filter>
    </ClInclude>
    <ClInclude Include="src\Engine\physics.h">
      <Filter>Engine</Filter>
    </ClInclude>
    <ClInclude Include="src\Engine\Entitys\Node.h">
      <Filter>Engine\Entitys</Filter>
    </ClInclude>
    <ClInclude Include="src\Engine\EntitySystem\Entity.h">
      <Filter>Engine\EntitySystem</Filter>
    </ClInclude>
    <ClInclude Include="src\Engine\EntitySystem\Component.h">
      <Filter>Engine\EntitySystem</Filter>
    </ClInclude>
    <ClInclude Include="src\Engine\SceneGraph.h">
      <Filter>Engine</Filter>
    </ClInclude>
    <ClInclude Include="src\Gameplay\Nodes\nodeShot.h">
      <Filter>Gameplay\Nodes</Filter>
    </ClInclude>
    <ClInclude Include="src\Gameplay\Nodes\nodeTest.h">
      <Filter>Gameplay\Nodes</Filter>
    </ClInclude>
  </ItemGroup>
  <ItemGroup>
    <ClCompile Include="src\engine\GLstuff.cpp">
      <Filter>Engine</Filter>
    </ClCompile>
    <ClCompile Include="src\engine\INIparser.cpp">
      <Filter>Engine</Filter>
    </ClCompile>
    <ClCompile Include="src\engine\keys.cpp">
      <Filter>Engine</Filter>
    </ClCompile>
    <ClCompile Include="src\engine\OBJparser.cpp">
      <Filter>Engine</Filter>
    </ClCompile>
    <ClCompile Include="src\engine\shader.cpp">
      <Filter>Engine</Filter>
    </ClCompile>
    <ClCompile Include="src\engine\skybox.cpp">
      <Filter>Engine</Filter>
    </ClCompile>
    <ClCompile Include="src\engine\drawfont.cpp">
      <Filter>Engine</Filter>
    </ClCompile>
    <ClCompile Include="src\engine\freecam.cpp">
      <Filter>Engine</Filter>
    </ClCompile>
    <ClCompile Include="src\tools.cpp" />
    <ClCompile Include="src\main.cpp" />
    <ClCompile Include="src\conf.cpp" />
    <ClCompile Include="src\Engine\SDLgraph.cpp">
      <Filter>Engine</Filter>
    </ClCompile>
    <ClCompile Include="src\Engine\renderer.cpp">
      <Filter>Engine</Filter>
    </ClCompile>
    <ClCompile Include="src\Engine\ObjectCreator.cpp">
      <Filter>Engine</Filter>
    </ClCompile>
    <ClCompile Include="src\Engine\physics.cpp">
      <Filter>Engine</Filter>
    </ClCompile>
    <ClCompile Include="src\Engine\SceneGraph.cpp">
      <Filter>Engine</Filter>
    </ClCompile>
    <ClCompile Include="src\Gameplay\Nodes\nodeShot.cpp">
      <Filter>Gameplay\Nodes</Filter>
    </ClCompile>
    <ClCompile Include="src\Gameplay\Nodes\nodeTest.cpp">
      <Filter>Gameplay\Nodes</Filter>
    </ClCompile>
  </ItemGroup>
</Project>