<?xml version="1.0" encoding="utf-8"?>
<Project ToolsVersion="4.0" xmlns="http://schemas.microsoft.com/developer/msbuild/2003">
  <ItemGroup>
    <ClInclude Include="src\tools.h" />
    <ClInclude Include="src\conf.h" />
    <ClInclude Include="src\main.h" />
    <ClInclude Include="src\GraphicTools\SDLgraph.h">
      <Filter>GraphicTools</Filter>
    </ClInclude>
    <ClInclude Include="src\GraphicTools\shader.h">
      <Filter>GraphicTools</Filter>
    </ClInclude>
    <ClInclude Include="src\GraphicTools\drawfont.h">
      <Filter>GraphicTools</Filter>
    </ClInclude>
    <ClInclude Include="src\GraphicTools\GLstuff.h">
      <Filter>GraphicTools</Filter>
    </ClInclude>
    <ClInclude Include="src\SystemTools\INIparser.h">
      <Filter>SystemTools</Filter>
    </ClInclude>
    <ClInclude Include="src\EventSystem\EventSystem.h">
      <Filter>EventSystem</Filter>
    </ClInclude>
    <ClInclude Include="src\EventMessages\EventSystemMessages.h">
      <Filter>EventMessages</Filter>
    </ClInclude>
    <ClInclude Include="src\EventMessages\EventInput.h">
      <Filter>EventMessages</Filter>
    </ClInclude>
    <ClInclude Include="src\EntitySystem\Entity.h">
      <Filter>EntitySystem</Filter>
    </ClInclude>
    <ClInclude Include="src\EntitySystem\Component.h">
      <Filter>EntitySystem</Filter>
    </ClInclude>
    <ClInclude Include="src\Components\TextRenderer.h">
      <Filter>Components</Filter>
    </ClInclude>
    <ClInclude Include="src\Components\Transform.h">
      <Filter>Components</Filter>
    </ClInclude>
    <ClInclude Include="src\Components\FramesPerSecond.h">
      <Filter>Components</Filter>
    </ClInclude>
    <ClInclude Include="src\Components\RenderManager.h">
      <Filter>Components</Filter>
    </ClInclude>
    <ClInclude Include="src\Factories\EntityFactory.h">
      <Filter>Factories</Filter>
    </ClInclude>
    <ClInclude Include="src\Entitys\Player.h">
      <Filter>Entitys</Filter>
    </ClInclude>
    <ClInclude Include="src\Entitys\EventHandler.h">
      <Filter>Entitys</Filter>
    </ClInclude>
    <ClInclude Include="src\SystemTools\OBJparser.h">
      <Filter>SystemTools</Filter>
    </ClInclude>
    <ClInclude Include="src\Common\ContentLoader.h">
      <Filter>Common</Filter>
    </ClInclude>
    <ClInclude Include="src\Factories\MeshFactory.h">
      <Filter>Factories</Filter>
    </ClInclude>
    <ClInclude Include="src\Components\Material.h">
      <Filter>Components</Filter>
    </ClInclude>
    <ClInclude Include="src\Components\Mesh.h">
      <Filter>Components</Filter>
    </ClInclude>
    <ClInclude Include="src\Entitys\InputHandler.h">
      <Filter>Entitys</Filter>
    </ClInclude>
    <ClInclude Include="src\Components\SkyBox.h">
      <Filter>Components</Filter>
    </ClInclude>
    <ClInclude Include="src\Entitys\FreeCam.h">
      <Filter>Entitys</Filter>
    </ClInclude>
    <ClInclude Include="src\Components\Camera.h">
      <Filter>Components</Filter>
    </ClInclude>
    <ClInclude Include="src\Components\MeshRenderer.h">
      <Filter>Components</Filter>
    </ClInclude>
    <ClInclude Include="src\Components\SkyBoxRenderer.h">
      <Filter>Components</Filter>
    </ClInclude>
    <ClInclude Include="src\Components\Renderer.h">
      <Filter>Components</Filter>
    </ClInclude>
  </ItemGroup>
  <ItemGroup>
    <ClCompile Include="src\conf.cpp" />
    <ClCompile Include="src\main.cpp" />
    <ClCompile Include="src\tools.cpp" />
    <ClCompile Include="src\GraphicTools\SDLgraph.cpp">
      <Filter>GraphicTools</Filter>
    </ClCompile>
    <ClCompile Include="src\GraphicTools\shader.cpp">
      <Filter>GraphicTools</Filter>
    </ClCompile>
    <ClCompile Include="src\GraphicTools\drawfont.cpp">
      <Filter>GraphicTools</Filter>
    </ClCompile>
    <ClCompile Include="src\GraphicTools\GLstuff.cpp">
      <Filter>GraphicTools</Filter>
    </ClCompile>
    <ClCompile Include="src\SystemTools\INIparser.cpp">
      <Filter>SystemTools</Filter>
    </ClCompile>
    <ClCompile Include="src\EventSystem\EventSystem.cpp">
      <Filter>EventSystem</Filter>
    </ClCompile>
    <ClCompile Include="src\EventMessages\EventInput.cpp">
      <Filter>EventMessages</Filter>
    </ClCompile>
    <ClCompile Include="src\EventMessages\EventSystemMessages.cpp">
      <Filter>EventMessages</Filter>
    </ClCompile>
    <ClCompile Include="src\Components\TextRenderer.cpp">
      <Filter>Components</Filter>
    </ClCompile>
    <ClCompile Include="src\Components\Transform.cpp">
      <Filter>Components</Filter>
    </ClCompile>
    <ClCompile Include="src\Components\FramesPerSecond.cpp">
      <Filter>Components</Filter>
    </ClCompile>
    <ClCompile Include="src\Components\RenderManager.cpp">
      <Filter>Components</Filter>
    </ClCompile>
    <ClCompile Include="src\Factories\EntityFactory.cpp">
      <Filter>Factories</Filter>
    </ClCompile>
    <ClCompile Include="src\Entitys\Player.cpp">
      <Filter>Entitys</Filter>
    </ClCompile>
    <ClCompile Include="src\Entitys\EventHandler.cpp">
      <Filter>Entitys</Filter>
    </ClCompile>
    <ClCompile Include="src\SystemTools\OBJparser.cpp">
      <Filter>SystemTools</Filter>
    </ClCompile>
    <ClCompile Include="src\Common\ContentLoader.cpp">
      <Filter>Common</Filter>
    </ClCompile>
    <ClCompile Include="src\Factories\MeshFactory.cpp">
      <Filter>Factories</Filter>
    </ClCompile>
    <ClCompile Include="src\Components\Material.cpp">
      <Filter>Components</Filter>
    </ClCompile>
    <ClCompile Include="src\Components\Mesh.cpp">
      <Filter>Components</Filter>
    </ClCompile>
    <ClCompile Include="src\Entitys\InputHandler.cpp">
      <Filter>Entitys</Filter>
    </ClCompile>
    <ClCompile Include="src\Components\SkyBox.cpp">
      <Filter>Components</Filter>
    </ClCompile>
    <ClCompile Include="src\Entitys\FreeCam.cpp">
      <Filter>Entitys</Filter>
    </ClCompile>
    <ClCompile Include="src\Components\Camera.cpp">
      <Filter>Components</Filter>
    </ClCompile>
    <ClCompile Include="src\Components\MeshRenderer.cpp">
      <Filter>Components</Filter>
    </ClCompile>
    <ClCompile Include="src\Components\SkyBoxRenderer.cpp">
      <Filter>Components</Filter>
    </ClCompile>
    <ClCompile Include="src\Components\Renderer.cpp">
      <Filter>Components</Filter>
    </ClCompile>
  </ItemGroup>
  <ItemGroup>
    <Filter Include="GraphicTools">
      <UniqueIdentifier>{e5903f56-366f-4a97-a4e4-9444e78db348}</UniqueIdentifier>
    </Filter>
    <Filter Include="SystemTools">
      <UniqueIdentifier>{c3768d84-1931-40e6-a9b5-739bbe90aec0}</UniqueIdentifier>
    </Filter>
    <Filter Include="EventSystem">
      <UniqueIdentifier>{fe0dc81a-b615-4cfe-adcc-2689f39e0cbc}</UniqueIdentifier>
    </Filter>
    <Filter Include="EventMessages">
      <UniqueIdentifier>{43e906e7-c98f-410b-94ca-73fc3b4ab057}</UniqueIdentifier>
    </Filter>
    <Filter Include="EntitySystem">
      <UniqueIdentifier>{8a81ac5c-f4a0-408e-a8b8-676ddd67e86a}</UniqueIdentifier>
    </Filter>
    <Filter Include="Components">
      <UniqueIdentifier>{7fc9ae0d-ff4b-45bd-8fb7-2ef1ec8e8d26}</UniqueIdentifier>
    </Filter>
    <Filter Include="Entitys">
      <UniqueIdentifier>{7e4d14ec-e896-459d-b7c3-b3d27a755bda}</UniqueIdentifier>
    </Filter>
    <Filter Include="Factories">
      <UniqueIdentifier>{267d7607-186b-4f17-a279-4bd3dbd3eb0d}</UniqueIdentifier>
    </Filter>
    <Filter Include="Common">
      <UniqueIdentifier>{296b2296-27c0-4ef1-8ff9-91a9413dfc7d}</UniqueIdentifier>
    </Filter>
  </ItemGroup>
</Project>