<?xml version="1.0" encoding="utf-8"?>
<Project ToolsVersion="4.0" xmlns="http://schemas.microsoft.com/developer/msbuild/2003">
  <ItemGroup>
    <ClCompile Include="src\main.cpp" />
    <ClCompile Include="src\tools.cpp" />
    <ClCompile Include="src\conf.cpp" />
    <ClCompile Include="src\SystemTools\OBJparser.cpp">
      <Filter>SystemTools</Filter>
    </ClCompile>
    <ClCompile Include="src\SystemTools\INIparser.cpp">
      <Filter>SystemTools</Filter>
    </ClCompile>
    <ClCompile Include="src\SystemTools\ObjectCreator.cpp">
      <Filter>SystemTools</Filter>
    </ClCompile>
    <ClCompile Include="src\GraphicTools\GLstuff.cpp">
      <Filter>GraphicTools</Filter>
    </ClCompile>
    <ClCompile Include="src\GraphicTools\SDLgraph.cpp">
      <Filter>GraphicTools</Filter>
    </ClCompile>
    <ClCompile Include="src\GraphicTools\Shader.cpp">
      <Filter>GraphicTools</Filter>
    </ClCompile>
    <ClCompile Include="src\GraphicTools\DrawFont.cpp">
      <Filter>GraphicTools</Filter>
    </ClCompile>
    <ClCompile Include="src\SceneManagement\ClassRegistration.cpp">
      <Filter>SceneManagement</Filter>
    </ClCompile>
    <ClCompile Include="src\SceneManagement\SceneBuilder .cpp">
      <Filter>SceneManagement</Filter>
    </ClCompile>
    <ClCompile Include="src\SceneManagement\SceneReader.cpp">
      <Filter>SceneManagement</Filter>
    </ClCompile>
    <ClCompile Include="src\Managers\RenderManager.cpp">
      <Filter>Managers</Filter>
    </ClCompile>
    <ClCompile Include="src\Components\TextRenderer.cpp">
      <Filter>Components</Filter>
    </ClCompile>
    <ClCompile Include="src\Managers\ContentManager.cpp">
      <Filter>Managers</Filter>
    </ClCompile>
    <ClCompile Include="src\Components\MeshRenderer.cpp">
      <Filter>Components</Filter>
    </ClCompile>
  </ItemGroup>
  <ItemGroup>
    <ClInclude Include="src\main.h" />
    <ClInclude Include="src\tools.h" />
    <ClInclude Include="src\conf.h" />
    <ClInclude Include="src\SystemTools\OBJparser.h">
      <Filter>SystemTools</Filter>
    </ClInclude>
    <ClInclude Include="src\SystemTools\INIparser.h">
      <Filter>SystemTools</Filter>
    </ClInclude>
    <ClInclude Include="src\SystemTools\ObjectCreator.h">
      <Filter>SystemTools</Filter>
    </ClInclude>
    <ClInclude Include="src\GraphicTools\GLstuff.h">
      <Filter>GraphicTools</Filter>
    </ClInclude>
    <ClInclude Include="src\GraphicTools\SDLgraph.h">
      <Filter>GraphicTools</Filter>
    </ClInclude>
    <ClInclude Include="src\GraphicTools\Shader.h">
      <Filter>GraphicTools</Filter>
    </ClInclude>
    <ClInclude Include="src\GraphicTools\DrawFont.h">
      <Filter>GraphicTools</Filter>
    </ClInclude>
    <ClInclude Include="src\SceneManagement\ClassRegistration.h">
      <Filter>SceneManagement</Filter>
    </ClInclude>
    <ClInclude Include="src\SceneManagement\SceneBuilder.h">
      <Filter>SceneManagement</Filter>
    </ClInclude>
    <ClInclude Include="src\SceneManagement\SceneReader.h">
      <Filter>SceneManagement</Filter>
    </ClInclude>
    <ClInclude Include="src\EntityComponentSystem\Component.h">
      <Filter>EntityComponentSystem</Filter>
    </ClInclude>
    <ClInclude Include="src\EntityComponentSystem\Entity.h">
      <Filter>EntityComponentSystem</Filter>
    </ClInclude>
    <ClInclude Include="src\Managers\RenderManager.h">
      <Filter>Managers</Filter>
    </ClInclude>
    <ClInclude Include="src\Components\TextRenderer.h">
      <Filter>Components</Filter>
    </ClInclude>
    <ClInclude Include="src\Components\Transform.h">
      <Filter>Components</Filter>
    </ClInclude>
    <ClInclude Include="src\Managers\ContentManager.h">
      <Filter>Managers</Filter>
    </ClInclude>
    <ClInclude Include="src\Containers\Mesh.h">
      <Filter>Containers</Filter>
    </ClInclude>
    <ClInclude Include="src\Components\MeshRenderer.h">
      <Filter>Components</Filter>
    </ClInclude>
  </ItemGroup>
  <ItemGroup>
    <Filter Include="SystemTools">
      <UniqueIdentifier>{21f19a2f-1ff9-48cf-91fc-6fbcb6b05911}</UniqueIdentifier>
    </Filter>
    <Filter Include="GraphicTools">
      <UniqueIdentifier>{4bf9cfaf-85fc-4d40-9fe8-192f941006f0}</UniqueIdentifier>
    </Filter>
    <Filter Include="SceneManagement">
      <UniqueIdentifier>{fb316670-5fb6-4f30-8695-d21493c2b045}</UniqueIdentifier>
    </Filter>
    <Filter Include="EntityComponentSystem">
      <UniqueIdentifier>{8973c312-fe01-4215-9dac-f1b1240a7919}</UniqueIdentifier>
    </Filter>
    <Filter Include="Managers">
      <UniqueIdentifier>{6f8d5a98-e8f4-4fbf-bd27-e1e0f5e0a18b}</UniqueIdentifier>
    </Filter>
    <Filter Include="Components">
      <UniqueIdentifier>{06d43425-8106-41f3-93a7-c8ada7d01e18}</UniqueIdentifier>
    </Filter>
    <Filter Include="Containers">
      <UniqueIdentifier>{cdf4466c-9463-47ec-a1b1-0c2fd6cdf8f2}</UniqueIdentifier>
    </Filter>
  </ItemGroup>
</Project>